// !$*UTF8*$!
{
	archiveVersion = 1;
	classes = {
	};
	objectVersion = 60;
	objects = {

/* Begin PBXBuildFile section */
		1D21BC4F172AF43D009D1CFD /* Cocoa.framework in Frameworks */ = {isa = PBXBuildFile; fileRef = 1D21BC4E172AF43D009D1CFD /* Cocoa.framework */; };
		7D0DAB881CA758790049BAFF /* periodicIcon.png in Resources */ = {isa = PBXBuildFile; fileRef = 7D0DAB871CA758790049BAFF /* periodicIcon.png */; };
		7D44F4C71DAAEF3E0085859C /* proxyIcon.png in Resources */ = {isa = PBXBuildFile; fileRef = 7D44F4C61DAAEF3E0085859C /* proxyIcon.png */; };
		7DE29CA61CA7C10500DFA6A6 /* startupScriptsIcon.png in Resources */ = {isa = PBXBuildFile; fileRef = 7DE29CA51CA7C10500DFA6A6 /* startupScriptsIcon.png */; };
		7DE2FE301D3F3228006C1438 /* extensionIcon.png in Resources */ = {isa = PBXBuildFile; fileRef = 7DE2FE2F1D3F3228006C1438 /* extensionIcon.png */; };
		CD001B371AB903040089014A /* kkText.png in Resources */ = {isa = PBXBuildFile; fileRef = CD001B341AB903040089014A /* kkText.png */; };
		CD001B381AB903040089014A /* logo.png in Resources */ = {isa = PBXBuildFile; fileRef = CD001B351AB903040089014A /* logo.png */; };
		CD001B391AB903040089014A /* logoApple.png in Resources */ = {isa = PBXBuildFile; fileRef = CD001B361AB903040089014A /* logoApple.png */; };
		CD0219531AD34D9A005148A2 /* AboutWindowController.m in Sources */ = {isa = PBXBuildFile; fileRef = CD0219521AD34D9A005148A2 /* AboutWindowController.m */; };
		CD0219551AD34E4C005148A2 /* kkIcon.png in Resources */ = {isa = PBXBuildFile; fileRef = CD0219541AD34E4C005148A2 /* kkIcon.png */; };
		CD0219611AD39A83005148A2 /* ResultsWindowController.m in Sources */ = {isa = PBXBuildFile; fileRef = CD0219601AD39A83005148A2 /* ResultsWindowController.m */; };
		CD19A7ED2CA4236B00F17FF3 /* DiffWindow.xib in Resources */ = {isa = PBXBuildFile; fileRef = CD19A7EC2CA4236B00F17FF3 /* DiffWindow.xib */; };
		CD24F074219D51210081B0E5 /* whitelistedKexts.json in Resources */ = {isa = PBXBuildFile; fileRef = CD24F073219D51210081B0E5 /* whitelistedKexts.json */; };
		CD24F077219DF3DB0081B0E5 /* Signing.m in Sources */ = {isa = PBXBuildFile; fileRef = CD24F075219DF3DA0081B0E5 /* Signing.m */; };
		CD2B61442067656200BF72E9 /* eventRulesIcon.png in Resources */ = {isa = PBXBuildFile; fileRef = CD2B61432067656200BF72E9 /* eventRulesIcon.png */; };
		CD2F219F21A8A73100F67A83 /* Update.m in Sources */ = {isa = PBXBuildFile; fileRef = CD2F219E21A8A73100F67A83 /* Update.m */; };
		CD2F21A421A8A7E300F67A83 /* UpdateWindowController.m in Sources */ = {isa = PBXBuildFile; fileRef = CD2F21A321A8A7E300F67A83 /* UpdateWindowController.m */; };
		CD36CDB8237785180089FC34 /* quicklookIcon.png in Resources */ = {isa = PBXBuildFile; fileRef = CD36CDB7237785180089FC34 /* quicklookIcon.png */; };
		CD3B99D325EDE9F90020AF50 /* systemExtensionIcon.png in Resources */ = {isa = PBXBuildFile; fileRef = CD3B99D225EDE9F90020AF50 /* systemExtensionIcon.png */; };
		CD49EEA72D2A1301007439CD /* UnknownItems.xib in Resources */ = {isa = PBXBuildFile; fileRef = CD49EEA62D2A1301007439CD /* UnknownItems.xib */; };
		CD585494219FE61D00A438B0 /* Assets.xcassets in Resources */ = {isa = PBXBuildFile; fileRef = CD585493219FE61D00A438B0 /* Assets.xcassets */; };
		CD5854D321A5FADD00A438B0 /* patrons.txt in Resources */ = {isa = PBXBuildFile; fileRef = CD5854D221A5FADD00A438B0 /* patrons.txt */; };
		CD5854D821A60B2100A438B0 /* PlistWindowController.m in Sources */ = {isa = PBXBuildFile; fileRef = CD5854D721A60B2000A438B0 /* PlistWindowController.m */; };
		CD5854DB21A6103B00A438B0 /* ClickableTextField.m in Sources */ = {isa = PBXBuildFile; fileRef = CD5854DA21A6103A00A438B0 /* ClickableTextField.m */; };
		CD5A5F7A2EB95C0000F5068F /* Welcome.xib in Resources */ = {isa = PBXBuildFile; fileRef = CD5A5F782EB95C0000F5068F /* Welcome.xib */; };
		CD5A5F7D2EB95C0C00F5068F /* WelcomeWindowController.m in Sources */ = {isa = PBXBuildFile; fileRef = CD5A5F7C2EB95C0C00F5068F /* WelcomeWindowController.m */; };
		CD6095731A87067D00E091CD /* Security.framework in Frameworks */ = {isa = PBXBuildFile; fileRef = CD6095721A87067D00E091CD /* Security.framework */; };
		CD6975061B02F60400CE819B /* RFOverlayScroller.m in Sources */ = {isa = PBXBuildFile; fileRef = CD6975031B02F60400CE819B /* RFOverlayScroller.m */; };
		CD6975071B02F60400CE819B /* RFOverlayScrollView.m in Sources */ = {isa = PBXBuildFile; fileRef = CD6975051B02F60400CE819B /* RFOverlayScrollView.m */; };
		CD6BBBE91B50D67A00506D0D /* binaryIcon.icns in Resources */ = {isa = PBXBuildFile; fileRef = CD6BBBE81B50D67A00506D0D /* binaryIcon.icns */; };
		CD6BBBEB1B50DF7100506D0D /* signedAppleIcon.png in Resources */ = {isa = PBXBuildFile; fileRef = CD6BBBEA1B50DF7100506D0D /* signedAppleIcon.png */; };
		CD6BBBED1B51C62B00506D0D /* unknown.png in Resources */ = {isa = PBXBuildFile; fileRef = CD6BBBEC1B51C62B00506D0D /* unknown.png */; };
		CD6BBBF01B52032D00506D0D /* NSApplicationKeyEvents.m in Sources */ = {isa = PBXBuildFile; fileRef = CD6BBBEF1B52032D00506D0D /* NSApplicationKeyEvents.m */; };
		CD6FD7AC2C7AAD87001C59F2 /* MainMenu.xib in Resources */ = {isa = PBXBuildFile; fileRef = CD6FD7AB2C7AAD87001C59F2 /* MainMenu.xib */; };
		CD6FD7AF2C7AAFE6001C59F2 /* Localizable.xcstrings in Resources */ = {isa = PBXBuildFile; fileRef = CD6FD7AE2C7AAFE6001C59F2 /* Localizable.xcstrings */; };
		CD6FD7B22C7AB284001C59F2 /* UpdateWindow.xib in Resources */ = {isa = PBXBuildFile; fileRef = CD6FD7B12C7AB284001C59F2 /* UpdateWindow.xib */; };
		CD6FD7B62C7AB288001C59F2 /* PlistWindow.xib in Resources */ = {isa = PBXBuildFile; fileRef = CD6FD7B52C7AB288001C59F2 /* PlistWindow.xib */; };
		CD6FD7BA2C7AB28D001C59F2 /* ResultsWindow.xib in Resources */ = {isa = PBXBuildFile; fileRef = CD6FD7B92C7AB28D001C59F2 /* ResultsWindow.xib */; };
		CD6FD7BE2C7AB291001C59F2 /* AboutWindow.xib in Resources */ = {isa = PBXBuildFile; fileRef = CD6FD7BD2C7AB291001C59F2 /* AboutWindow.xib */; };
		CD6FD7C22C7AB294001C59F2 /* PrefsWindow.xib in Resources */ = {isa = PBXBuildFile; fileRef = CD6FD7C12C7AB294001C59F2 /* PrefsWindow.xib */; };
		CD6FD7C62C7AB299001C59F2 /* VTInfoWindow.xib in Resources */ = {isa = PBXBuildFile; fileRef = CD6FD7C52C7AB299001C59F2 /* VTInfoWindow.xib */; };
		CD6FD7CA2C7AB29F001C59F2 /* ExtensionInfoWindow.xib in Resources */ = {isa = PBXBuildFile; fileRef = CD6FD7C92C7AB29F001C59F2 /* ExtensionInfoWindow.xib */; };
		CD6FD7CE2C7AB2A3001C59F2 /* FileInfoWindow.xib in Resources */ = {isa = PBXBuildFile; fileRef = CD6FD7CD2C7AB2A3001C59F2 /* FileInfoWindow.xib */; };
		CD792FBC2D2530A800167649 /* UnknownItemsWindowController.m in Sources */ = {isa = PBXBuildFile; fileRef = CD792FBB2D2530A800167649 /* UnknownItemsWindowController.m */; };
		CD7B9F4D1ACB959200DF3C71 /* logoAppleOver.png in Resources */ = {isa = PBXBuildFile; fileRef = CD7B9F4C1ACB959200DF3C71 /* logoAppleOver.png */; };
		CD7B9FA41ACBCFAD00DF3C71 /* spotlightIcon.png in Resources */ = {isa = PBXBuildFile; fileRef = CD7B9FA31ACBCFAD00DF3C71 /* spotlightIcon.png */; };
		CD7B9FA71ACCAE5E00DF3C71 /* startScanOver.png in Resources */ = {isa = PBXBuildFile; fileRef = CD7B9FA51ACCAE5E00DF3C71 /* startScanOver.png */; };
		CD7B9FA81ACCAE5E00DF3C71 /* stopScanOver.png in Resources */ = {isa = PBXBuildFile; fileRef = CD7B9FA61ACCAE5E00DF3C71 /* stopScanOver.png */; };
		CD7B9FAB1AD08FA100DF3C71 /* KKRow.m in Sources */ = {isa = PBXBuildFile; fileRef = CD7B9FAA1AD08FA100DF3C71 /* KKRow.m */; };
		CD83887F1AACCEDF000EB098 /* VirusTotal.m in Sources */ = {isa = PBXBuildFile; fileRef = CD83887E1AACCEDF000EB098 /* VirusTotal.m */; };
		CD8641272CA05D6B00803551 /* KnockKnock-InfoPlist.strings in Resources */ = {isa = PBXBuildFile; fileRef = CD8641252CA05D6B00803551 /* KnockKnock-InfoPlist.strings */; };
		CD890F44237790D400029D99 /* directoryServicesIcon.png in Resources */ = {isa = PBXBuildFile; fileRef = CD890F43237790D400029D99 /* directoryServicesIcon.png */; };
		CDA81D4F1A95B492009790E2 /* AppDelegate.m in Sources */ = {isa = PBXBuildFile; fileRef = CDA81D451A95B492009790E2 /* AppDelegate.m */; };
		CDA81D531A95B492009790E2 /* utilities.m in Sources */ = {isa = PBXBuildFile; fileRef = CDA81D4E1A95B492009790E2 /* utilities.m */; };
		CDA81D5E1A95B4B4009790E2 /* main.m in Sources */ = {isa = PBXBuildFile; fileRef = CDA81D5A1A95B4B4009790E2 /* main.m */; };
		CDA81D691A95B4E9009790E2 /* bug.png in Resources */ = {isa = PBXBuildFile; fileRef = CDA81D5F1A95B4E9009790E2 /* bug.png */; };
		CDA81D6A1A95B4E9009790E2 /* mainIcon.png in Resources */ = {isa = PBXBuildFile; fileRef = CDA81D601A95B4E9009790E2 /* mainIcon.png */; };
		CDA81D6B1A95B4E9009790E2 /* show.png in Resources */ = {isa = PBXBuildFile; fileRef = CDA81D611A95B4E9009790E2 /* show.png */; };
		CDA81D6C1A95B4E9009790E2 /* showBG.png in Resources */ = {isa = PBXBuildFile; fileRef = CDA81D621A95B4E9009790E2 /* showBG.png */; };
		CDA81D6D1A95B4E9009790E2 /* scanIcon.png in Resources */ = {isa = PBXBuildFile; fileRef = CDA81D631A95B4E9009790E2 /* scanIcon.png */; };
		CDA81D6E1A95B4E9009790E2 /* startScan.png in Resources */ = {isa = PBXBuildFile; fileRef = CDA81D641A95B4E9009790E2 /* startScan.png */; };
		CDA81D6F1A95B4E9009790E2 /* startScanBG.png in Resources */ = {isa = PBXBuildFile; fileRef = CDA81D651A95B4E9009790E2 /* startScanBG.png */; };
		CDA81D701A95B4E9009790E2 /* stopScan.png in Resources */ = {isa = PBXBuildFile; fileRef = CDA81D661A95B4E9009790E2 /* stopScan.png */; };
		CDA81D711A95B4E9009790E2 /* stopScanBG.png in Resources */ = {isa = PBXBuildFile; fileRef = CDA81D671A95B4E9009790E2 /* stopScanBG.png */; };
		CDA81D721A95B4E9009790E2 /* virus.png in Resources */ = {isa = PBXBuildFile; fileRef = CDA81D681A95B4E9009790E2 /* virus.png */; };
		CDA81D771A95B7C1009790E2 /* CategoryTableController.m in Sources */ = {isa = PBXBuildFile; fileRef = CDA81D761A95B7C1009790E2 /* CategoryTableController.m */; };
		CDA81D7B1A95D29B009790E2 /* ItemTableController.m in Sources */ = {isa = PBXBuildFile; fileRef = CDA81D7A1A95D29B009790E2 /* ItemTableController.m */; };
		CDA81DC91A9960A3009790E2 /* info.png in Resources */ = {isa = PBXBuildFile; fileRef = CDA81DC51A9960A3009790E2 /* info.png */; };
		CDA81DCA1A9960A3009790E2 /* infoBG.png in Resources */ = {isa = PBXBuildFile; fileRef = CDA81DC61A9960A3009790E2 /* infoBG.png */; };
		CDA81DCB1A9960A3009790E2 /* virusTotal.png in Resources */ = {isa = PBXBuildFile; fileRef = CDA81DC71A9960A3009790E2 /* virusTotal.png */; };
		CDA81DCC1A9960A3009790E2 /* virusTotalBG.png in Resources */ = {isa = PBXBuildFile; fileRef = CDA81DC81A9960A3009790E2 /* virusTotalBG.png */; };
		CDA81DD31A9970A0009790E2 /* signed.png in Resources */ = {isa = PBXBuildFile; fileRef = CDA81DD11A9970A0009790E2 /* signed.png */; };
		CDA81DD41A9970A0009790E2 /* unsigned.png in Resources */ = {isa = PBXBuildFile; fileRef = CDA81DD21A9970A0009790E2 /* unsigned.png */; };
		CDA81DEA1A997BF1009790E2 /* InfoWindowController.m in Sources */ = {isa = PBXBuildFile; fileRef = CDA81DE81A997BF1009790E2 /* InfoWindowController.m */; };
		CDA81DEE1A99B5F8009790E2 /* Filter.m in Sources */ = {isa = PBXBuildFile; fileRef = CDA81DED1A99B5F8009790E2 /* Filter.m */; };
		CDA81DF31A99B8C2009790E2 /* whitelistedCommands.json in Resources */ = {isa = PBXBuildFile; fileRef = CDA81DF01A99B8C2009790E2 /* whitelistedCommands.json */; };
		CDA81DF41A99B8C2009790E2 /* whitelistedExtensions.json in Resources */ = {isa = PBXBuildFile; fileRef = CDA81DF11A99B8C2009790E2 /* whitelistedExtensions.json */; };
		CDA81DF51A99B8C2009790E2 /* whitelistedFiles.json in Resources */ = {isa = PBXBuildFile; fileRef = CDA81DF21A99B8C2009790E2 /* whitelistedFiles.json */; };
		CDA81DFE1A9A7D26009790E2 /* Command.m in Sources */ = {isa = PBXBuildFile; fileRef = CDA81DF71A9A7D26009790E2 /* Command.m */; };
		CDA81DFF1A9A7D26009790E2 /* Extension.m in Sources */ = {isa = PBXBuildFile; fileRef = CDA81DF91A9A7D26009790E2 /* Extension.m */; };
		CDA81E001A9A7D26009790E2 /* File.m in Sources */ = {isa = PBXBuildFile; fileRef = CDA81DFB1A9A7D26009790E2 /* File.m */; };
		CDA81E011A9A7D26009790E2 /* ItemBase.m in Sources */ = {isa = PBXBuildFile; fileRef = CDA81DFD1A9A7D26009790E2 /* ItemBase.m */; };
		CDAB989C1AEAC95500C75B4B /* ItemEnumerator.m in Sources */ = {isa = PBXBuildFile; fileRef = CDAB989B1AEAC95500C75B4B /* ItemEnumerator.m */; };
		CDAB98A11AEAFAFA00C75B4B /* authorizationIcon.png in Resources */ = {isa = PBXBuildFile; fileRef = CDAB98A01AEAFAFA00C75B4B /* authorizationIcon.png */; };
		CDAB98A31AEB413C00C75B4B /* dylibIcon.png in Resources */ = {isa = PBXBuildFile; fileRef = CDAB98A21AEB413C00C75B4B /* dylibIcon.png */; };
		CDADCFA02EE7833C00C6DBF4 /* DockTiles.m in Sources */ = {isa = PBXBuildFile; fileRef = CDADCF812EE7833C00C6DBF4 /* DockTiles.m */; };
		CDADCFA12EE7833C00C6DBF4 /* BTM.m in Sources */ = {isa = PBXBuildFile; fileRef = CDADCF7B2EE7833C00C6DBF4 /* BTM.m */; };
		CDADCFA22EE7833C00C6DBF4 /* PeriodicScrips.m in Sources */ = {isa = PBXBuildFile; fileRef = CDADCF932EE7833C00C6DBF4 /* PeriodicScrips.m */; };
		CDADCFA32EE7833C00C6DBF4 /* ShellConfigs.m in Sources */ = {isa = PBXBuildFile; fileRef = CDADCF992EE7833C00C6DBF4 /* ShellConfigs.m */; };
		CDADCFA42EE7833C00C6DBF4 /* SystemExtensions.m in Sources */ = {isa = PBXBuildFile; fileRef = CDADCF9F2EE7833C00C6DBF4 /* SystemExtensions.m */; };
		CDADCFA52EE7833C00C6DBF4 /* LogInOutHooks.m in Sources */ = {isa = PBXBuildFile; fileRef = CDADCF912EE7833C00C6DBF4 /* LogInOutHooks.m */; };
		CDADCFA62EE7833C00C6DBF4 /* LoginItems.m in Sources */ = {isa = PBXBuildFile; fileRef = CDADCF8F2EE7833C00C6DBF4 /* LoginItems.m */; };
		CDADCFA72EE7833C00C6DBF4 /* QuicklookPlugins.m in Sources */ = {isa = PBXBuildFile; fileRef = CDADCF972EE7833C00C6DBF4 /* QuicklookPlugins.m */; };
		CDADCFA82EE7833C00C6DBF4 /* AuthorizationPlugins.m in Sources */ = {isa = PBXBuildFile; fileRef = CDADCF772EE7833C00C6DBF4 /* AuthorizationPlugins.m */; };
		CDADCFA92EE7833C00C6DBF4 /* Kexts.m in Sources */ = {isa = PBXBuildFile; fileRef = CDADCF8B2EE7833C00C6DBF4 /* Kexts.m */; };
		CDADCFAA2EE7833C00C6DBF4 /* DylibInserts.m in Sources */ = {isa = PBXBuildFile; fileRef = CDADCF832EE7833C00C6DBF4 /* DylibInserts.m */; };
		CDADCFAB2EE7833C00C6DBF4 /* DirectoryServicesPlugins.m in Sources */ = {isa = PBXBuildFile; fileRef = CDADCF7F2EE7833C00C6DBF4 /* DirectoryServicesPlugins.m */; };
		CDADCFAC2EE7833C00C6DBF4 /* DylibProxies.m in Sources */ = {isa = PBXBuildFile; fileRef = CDADCF852EE7833C00C6DBF4 /* DylibProxies.m */; };
		CDADCFAD2EE7833C00C6DBF4 /* LaunchItems.m in Sources */ = {isa = PBXBuildFile; fileRef = CDADCF8D2EE7833C00C6DBF4 /* LaunchItems.m */; };
		CDADCFAE2EE7833C00C6DBF4 /* PluginBase.m in Sources */ = {isa = PBXBuildFile; fileRef = CDADCF952EE7833C00C6DBF4 /* PluginBase.m */; };
		CDADCFAF2EE7833C00C6DBF4 /* BrowserExtensions.m in Sources */ = {isa = PBXBuildFile; fileRef = CDADCF792EE7833C00C6DBF4 /* BrowserExtensions.m */; };
		CDADCFB02EE7833C00C6DBF4 /* Cronjobs.m in Sources */ = {isa = PBXBuildFile; fileRef = CDADCF7D2EE7833C00C6DBF4 /* Cronjobs.m */; };
		CDADCFB12EE7833C00C6DBF4 /* Extensions.m in Sources */ = {isa = PBXBuildFile; fileRef = CDADCF892EE7833C00C6DBF4 /* Extensions.m */; };
		CDADCFB22EE7833C00C6DBF4 /* SpotlightImporters.m in Sources */ = {isa = PBXBuildFile; fileRef = CDADCF9B2EE7833C00C6DBF4 /* SpotlightImporters.m */; };
		CDADCFB32EE7833C00C6DBF4 /* EventRules.m in Sources */ = {isa = PBXBuildFile; fileRef = CDADCF872EE7833C00C6DBF4 /* EventRules.m */; };
		CDADCFB42EE7833C00C6DBF4 /* StartupScripts.m in Sources */ = {isa = PBXBuildFile; fileRef = CDADCF9D2EE7833C00C6DBF4 /* StartupScripts.m */; };
		CDADCFB82EE783AC00C6DBF4 /* shellConfigIcon.png in Resources */ = {isa = PBXBuildFile; fileRef = CDADCFB72EE783AC00C6DBF4 /* shellConfigIcon.png */; };
		CDADCFB92EE783AC00C6DBF4 /* dockTileIcon.png in Resources */ = {isa = PBXBuildFile; fileRef = CDADCFB62EE783AC00C6DBF4 /* dockTileIcon.png */; };
		CDADCFBA2EE783AC00C6DBF4 /* btmIcon.png in Resources */ = {isa = PBXBuildFile; fileRef = CDADCFB52EE783AC00C6DBF4 /* btmIcon.png */; };
		CDBE491A1B5B25E30031FC22 /* SystemConfiguration.framework in Frameworks */ = {isa = PBXBuildFile; fileRef = CDBE49191B5B25E30031FC22 /* SystemConfiguration.framework */; };
		CDBE491F1B5B46040031FC22 /* logInOutIcon.png in Resources */ = {isa = PBXBuildFile; fileRef = CDBE491E1B5B46040031FC22 /* logInOutIcon.png */; };
		CDBFE39A2A49B8BA005A9819 /* MachO.m in Sources */ = {isa = PBXBuildFile; fileRef = CDBFE3972A49B8B9005A9819 /* MachO.m */; };
		CDCA2C212A49B71500E8DD57 /* libDumpBTM.a in Frameworks */ = {isa = PBXBuildFile; fileRef = CDCA2C202A49B71500E8DD57 /* libDumpBTM.a */; };
		CDD83FD61B50C76F0037124E /* cronIcon.png in Resources */ = {isa = PBXBuildFile; fileRef = CDD83FD51B50C76F0037124E /* cronIcon.png */; };
		CDDBC2301B04771100B021E0 /* ServiceManagement.framework in Frameworks */ = {isa = PBXBuildFile; fileRef = CDDBC22F1B04771100B021E0 /* ServiceManagement.framework */; };
		CDE241AB2C8556A40099F82B /* DiffWindowController.m in Sources */ = {isa = PBXBuildFile; fileRef = CDE241AA2C8556A40099F82B /* DiffWindowController.m */; };
		CDF08CBF1AC3DE25009B3423 /* logoAppleBG.png in Resources */ = {isa = PBXBuildFile; fileRef = CDF08CBE1AC3DE25009B3423 /* logoAppleBG.png */; };
		CDF08CC11AC3E8B0009B3423 /* showOver.png in Resources */ = {isa = PBXBuildFile; fileRef = CDF08CC01AC3E8B0009B3423 /* showOver.png */; };
		CDF08CC31AC3E98D009B3423 /* infoOver.png in Resources */ = {isa = PBXBuildFile; fileRef = CDF08CC21AC3E98D009B3423 /* infoOver.png */; };
		CDF08CC61AC46E75009B3423 /* VTButton.m in Sources */ = {isa = PBXBuildFile; fileRef = CDF08CC51AC46E75009B3423 /* VTButton.m */; };
		CDF08CCA1AC4C678009B3423 /* PrefsWindowController.m in Sources */ = {isa = PBXBuildFile; fileRef = CDF08CC81AC4C678009B3423 /* PrefsWindowController.m */; };
		CDF08CCF1AC4C6E8009B3423 /* settingsOver.png in Resources */ = {isa = PBXBuildFile; fileRef = CDF08CCC1AC4C6E8009B3423 /* settingsOver.png */; };
		CDF08CD01AC4C6E8009B3423 /* settingsBG.png in Resources */ = {isa = PBXBuildFile; fileRef = CDF08CCD1AC4C6E8009B3423 /* settingsBG.png */; };
		CDF08CD11AC4C6E8009B3423 /* settings.png in Resources */ = {isa = PBXBuildFile; fileRef = CDF08CCE1AC4C6E8009B3423 /* settings.png */; };
		CDF08CDF1AC886F2009B3423 /* VTInfoWindowController.m in Sources */ = {isa = PBXBuildFile; fileRef = CDF08CDD1AC886F2009B3423 /* VTInfoWindowController.m */; };
		CDF08CE61AC89FE1009B3423 /* HyperlinkTextField.m in Sources */ = {isa = PBXBuildFile; fileRef = CDF08CE51AC89FE1009B3423 /* HyperlinkTextField.m */; };
		CDF08CE81AC8A35C009B3423 /* vtLogo.png in Resources */ = {isa = PBXBuildFile; fileRef = CDF08CE71AC8A35C009B3423 /* vtLogo.png */; };
		CDF08CEA1AC8D97B009B3423 /* Quartz.framework in Frameworks */ = {isa = PBXBuildFile; fileRef = CDF08CE91AC8D97B009B3423 /* Quartz.framework */; };
		CDF08CEF1ACA677B009B3423 /* launchIcon.png in Resources */ = {isa = PBXBuildFile; fileRef = CDF08CED1ACA677B009B3423 /* launchIcon.png */; };
		CDF08CF01ACA677B009B3423 /* kernelIcon.png in Resources */ = {isa = PBXBuildFile; fileRef = CDF08CEE1ACA677B009B3423 /* kernelIcon.png */; };
		CDF08CF31ACA6864009B3423 /* browserIcon.png in Resources */ = {isa = PBXBuildFile; fileRef = CDF08CF11ACA6864009B3423 /* browserIcon.png */; };
		CDF08CF41ACA6864009B3423 /* loginIcon.png in Resources */ = {isa = PBXBuildFile; fileRef = CDF08CF21ACA6864009B3423 /* loginIcon.png */; };
/* End PBXBuildFile section */

/* Begin PBXCopyFilesBuildPhase section */
		CD6DE4D2219E9C3A0058094E /* Copy Framework(s) */ = {
			isa = PBXCopyFilesBuildPhase;
			buildActionMask = 2147483647;
			dstPath = "";
			dstSubfolderSpec = 10;
			files = (
			);
			name = "Copy Framework(s)";
			runOnlyForDeploymentPostprocessing = 0;
		};
/* End PBXCopyFilesBuildPhase section */

/* Begin PBXFileReference section */
		1D21BC4B172AF43D009D1CFD /* KnockKnock.app */ = {isa = PBXFileReference; explicitFileType = wrapper.application; includeInIndex = 0; path = KnockKnock.app; sourceTree = BUILT_PRODUCTS_DIR; };
		1D21BC4E172AF43D009D1CFD /* Cocoa.framework */ = {isa = PBXFileReference; lastKnownFileType = wrapper.framework; name = Cocoa.framework; path = System/Library/Frameworks/Cocoa.framework; sourceTree = SDKROOT; };
		1D21BC51172AF43D009D1CFD /* AppKit.framework */ = {isa = PBXFileReference; lastKnownFileType = wrapper.framework; name = AppKit.framework; path = System/Library/Frameworks/AppKit.framework; sourceTree = SDKROOT; };
		1D21BC52172AF43D009D1CFD /* CoreData.framework */ = {isa = PBXFileReference; lastKnownFileType = wrapper.framework; name = CoreData.framework; path = System/Library/Frameworks/CoreData.framework; sourceTree = SDKROOT; };
		1D21BC53172AF43D009D1CFD /* Foundation.framework */ = {isa = PBXFileReference; lastKnownFileType = wrapper.framework; name = Foundation.framework; path = System/Library/Frameworks/Foundation.framework; sourceTree = SDKROOT; };
		7D0DAB871CA758790049BAFF /* periodicIcon.png */ = {isa = PBXFileReference; lastKnownFileType = image.png; name = periodicIcon.png; path = images/periodicIcon.png; sourceTree = SOURCE_ROOT; };
		7D44F4C61DAAEF3E0085859C /* proxyIcon.png */ = {isa = PBXFileReference; lastKnownFileType = image.png; name = proxyIcon.png; path = images/proxyIcon.png; sourceTree = SOURCE_ROOT; };
		7DE29CA51CA7C10500DFA6A6 /* startupScriptsIcon.png */ = {isa = PBXFileReference; lastKnownFileType = image.png; name = startupScriptsIcon.png; path = images/startupScriptsIcon.png; sourceTree = SOURCE_ROOT; };
		7DE2FE2F1D3F3228006C1438 /* extensionIcon.png */ = {isa = PBXFileReference; lastKnownFileType = image.png; name = extensionIcon.png; path = images/extensionIcon.png; sourceTree = SOURCE_ROOT; };
		CD001B341AB903040089014A /* kkText.png */ = {isa = PBXFileReference; lastKnownFileType = image.png; name = kkText.png; path = images/kkText.png; sourceTree = SOURCE_ROOT; };
		CD001B351AB903040089014A /* logo.png */ = {isa = PBXFileReference; lastKnownFileType = image.png; name = logo.png; path = images/logo.png; sourceTree = SOURCE_ROOT; };
		CD001B361AB903040089014A /* logoApple.png */ = {isa = PBXFileReference; lastKnownFileType = image.png; name = logoApple.png; path = images/logoApple.png; sourceTree = SOURCE_ROOT; };
		CD0219511AD34D9A005148A2 /* AboutWindowController.h */ = {isa = PBXFileReference; fileEncoding = 4; lastKnownFileType = sourcecode.c.h; path = AboutWindowController.h; sourceTree = "<group>"; };
		CD0219521AD34D9A005148A2 /* AboutWindowController.m */ = {isa = PBXFileReference; fileEncoding = 4; lastKnownFileType = sourcecode.c.objc; path = AboutWindowController.m; sourceTree = "<group>"; };
		CD0219541AD34E4C005148A2 /* kkIcon.png */ = {isa = PBXFileReference; lastKnownFileType = image.png; name = kkIcon.png; path = images/kkIcon.png; sourceTree = SOURCE_ROOT; };
		CD02195F1AD39A83005148A2 /* ResultsWindowController.h */ = {isa = PBXFileReference; fileEncoding = 4; lastKnownFileType = sourcecode.c.h; path = ResultsWindowController.h; sourceTree = "<group>"; };
		CD0219601AD39A83005148A2 /* ResultsWindowController.m */ = {isa = PBXFileReference; fileEncoding = 4; lastKnownFileType = sourcecode.c.objc; path = ResultsWindowController.m; sourceTree = "<group>"; };
		CD19A7EB2CA4236B00F17FF3 /* Base */ = {isa = PBXFileReference; lastKnownFileType = file.xib; name = Base; path = Base.lproj/DiffWindow.xib; sourceTree = "<group>"; };
		CD19A7EE2CA4236B00F17FF3 /* mul */ = {isa = PBXFileReference; lastKnownFileType = text.json.xcstrings; name = mul; path = mul.lproj/DiffWindow.xcstrings; sourceTree = "<group>"; };
		CD24F072219AAC930081B0E5 /* main.h */ = {isa = PBXFileReference; lastKnownFileType = sourcecode.c.h; path = main.h; sourceTree = SOURCE_ROOT; };
		CD24F073219D51210081B0E5 /* whitelistedKexts.json */ = {isa = PBXFileReference; fileEncoding = 4; lastKnownFileType = text.json; name = whitelistedKexts.json; path = WhiteList/whitelistedKexts.json; sourceTree = "<group>"; };
		CD24F075219DF3DA0081B0E5 /* Signing.m */ = {isa = PBXFileReference; fileEncoding = 4; lastKnownFileType = sourcecode.c.objc; path = Signing.m; sourceTree = SOURCE_ROOT; };
		CD24F076219DF3DB0081B0E5 /* Signing.h */ = {isa = PBXFileReference; fileEncoding = 4; lastKnownFileType = sourcecode.c.h; path = Signing.h; sourceTree = SOURCE_ROOT; };
		CD2B61432067656200BF72E9 /* eventRulesIcon.png */ = {isa = PBXFileReference; lastKnownFileType = image.png; name = eventRulesIcon.png; path = images/eventRulesIcon.png; sourceTree = SOURCE_ROOT; };
		CD2F219D21A8A73000F67A83 /* Update.h */ = {isa = PBXFileReference; fileEncoding = 4; lastKnownFileType = sourcecode.c.h; path = Update.h; sourceTree = SOURCE_ROOT; };
		CD2F219E21A8A73100F67A83 /* Update.m */ = {isa = PBXFileReference; fileEncoding = 4; lastKnownFileType = sourcecode.c.objc; path = Update.m; sourceTree = SOURCE_ROOT; };
		CD2F21A221A8A7E300F67A83 /* UpdateWindowController.h */ = {isa = PBXFileReference; fileEncoding = 4; lastKnownFileType = sourcecode.c.h; path = UpdateWindowController.h; sourceTree = "<group>"; };
		CD2F21A321A8A7E300F67A83 /* UpdateWindowController.m */ = {isa = PBXFileReference; fileEncoding = 4; lastKnownFileType = sourcecode.c.objc; path = UpdateWindowController.m; sourceTree = "<group>"; };
		CD36CDB7237785180089FC34 /* quicklookIcon.png */ = {isa = PBXFileReference; lastKnownFileType = image.png; name = quicklookIcon.png; path = images/quicklookIcon.png; sourceTree = SOURCE_ROOT; };
		CD3B99D225EDE9F90020AF50 /* systemExtensionIcon.png */ = {isa = PBXFileReference; lastKnownFileType = image.png; name = systemExtensionIcon.png; path = images/systemExtensionIcon.png; sourceTree = SOURCE_ROOT; };
		CD49EEA52D2A1301007439CD /* Base */ = {isa = PBXFileReference; lastKnownFileType = file.xib; name = Base; path = Base.lproj/UnknownItems.xib; sourceTree = "<group>"; };
		CD49EEA82D2A1301007439CD /* mul */ = {isa = PBXFileReference; lastKnownFileType = text.json.xcstrings; name = mul; path = mul.lproj/UnknownItems.xcstrings; sourceTree = "<group>"; };
		CD585493219FE61D00A438B0 /* Assets.xcassets */ = {isa = PBXFileReference; lastKnownFileType = folder.assetcatalog; path = Assets.xcassets; sourceTree = SOURCE_ROOT; };
		CD5854D221A5FADD00A438B0 /* patrons.txt */ = {isa = PBXFileReference; fileEncoding = 4; lastKnownFileType = text; path = patrons.txt; sourceTree = SOURCE_ROOT; };
		CD5854D621A60B2000A438B0 /* PlistWindowController.h */ = {isa = PBXFileReference; fileEncoding = 4; lastKnownFileType = sourcecode.c.h; path = PlistWindowController.h; sourceTree = SOURCE_ROOT; };
		CD5854D721A60B2000A438B0 /* PlistWindowController.m */ = {isa = PBXFileReference; fileEncoding = 4; lastKnownFileType = sourcecode.c.objc; path = PlistWindowController.m; sourceTree = SOURCE_ROOT; };
		CD5854D921A6103A00A438B0 /* ClickableTextField.h */ = {isa = PBXFileReference; fileEncoding = 4; lastKnownFileType = sourcecode.c.h; path = ClickableTextField.h; sourceTree = "<group>"; };
		CD5854DA21A6103A00A438B0 /* ClickableTextField.m */ = {isa = PBXFileReference; fileEncoding = 4; lastKnownFileType = sourcecode.c.objc; path = ClickableTextField.m; sourceTree = "<group>"; };
		CD5A5F792EB95C0000F5068F /* Base */ = {isa = PBXFileReference; lastKnownFileType = file.xib; name = Base; path = Base.lproj/Welcome.xib; sourceTree = "<group>"; };
		CD5A5F7B2EB95C0C00F5068F /* WelcomeWindowController.h */ = {isa = PBXFileReference; lastKnownFileType = sourcecode.c.h; path = WelcomeWindowController.h; sourceTree = "<group>"; };
		CD5A5F7C2EB95C0C00F5068F /* WelcomeWindowController.m */ = {isa = PBXFileReference; lastKnownFileType = sourcecode.c.objc; path = WelcomeWindowController.m; sourceTree = "<group>"; };
		CD6095721A87067D00E091CD /* Security.framework */ = {isa = PBXFileReference; lastKnownFileType = wrapper.framework; name = Security.framework; path = System/Library/Frameworks/Security.framework; sourceTree = SDKROOT; };
		CD6975021B02F60400CE819B /* RFOverlayScroller.h */ = {isa = PBXFileReference; fileEncoding = 4; lastKnownFileType = sourcecode.c.h; name = RFOverlayScroller.h; path = 3rdParty/RFOverlayScroller.h; sourceTree = "<group>"; };
		CD6975031B02F60400CE819B /* RFOverlayScroller.m */ = {isa = PBXFileReference; fileEncoding = 4; lastKnownFileType = sourcecode.c.objc; name = RFOverlayScroller.m; path = 3rdParty/RFOverlayScroller.m; sourceTree = "<group>"; };
		CD6975041B02F60400CE819B /* RFOverlayScrollView.h */ = {isa = PBXFileReference; fileEncoding = 4; lastKnownFileType = sourcecode.c.h; name = RFOverlayScrollView.h; path = 3rdParty/RFOverlayScrollView.h; sourceTree = "<group>"; };
		CD6975051B02F60400CE819B /* RFOverlayScrollView.m */ = {isa = PBXFileReference; fileEncoding = 4; lastKnownFileType = sourcecode.c.objc; name = RFOverlayScrollView.m; path = 3rdParty/RFOverlayScrollView.m; sourceTree = "<group>"; };
		CD6BBBE81B50D67A00506D0D /* binaryIcon.icns */ = {isa = PBXFileReference; lastKnownFileType = image.icns; name = binaryIcon.icns; path = images/binaryIcon.icns; sourceTree = SOURCE_ROOT; };
		CD6BBBEA1B50DF7100506D0D /* signedAppleIcon.png */ = {isa = PBXFileReference; lastKnownFileType = image.png; name = signedAppleIcon.png; path = images/signedAppleIcon.png; sourceTree = SOURCE_ROOT; };
		CD6BBBEC1B51C62B00506D0D /* unknown.png */ = {isa = PBXFileReference; lastKnownFileType = image.png; name = unknown.png; path = images/unknown.png; sourceTree = SOURCE_ROOT; };
		CD6BBBEE1B52032D00506D0D /* NSApplicationKeyEvents.h */ = {isa = PBXFileReference; fileEncoding = 4; lastKnownFileType = sourcecode.c.h; path = NSApplicationKeyEvents.h; sourceTree = "<group>"; };
		CD6BBBEF1B52032D00506D0D /* NSApplicationKeyEvents.m */ = {isa = PBXFileReference; fileEncoding = 4; lastKnownFileType = sourcecode.c.objc; path = NSApplicationKeyEvents.m; sourceTree = "<group>"; };
		CD6FD7AA2C7AAD87001C59F2 /* Base */ = {isa = PBXFileReference; lastKnownFileType = file.xib; name = Base; path = Base.lproj/MainMenu.xib; sourceTree = "<group>"; };
		CD6FD7AD2C7AAD87001C59F2 /* mul */ = {isa = PBXFileReference; lastKnownFileType = text.json.xcstrings; name = mul; path = mul.lproj/MainMenu.xcstrings; sourceTree = "<group>"; };
		CD6FD7AE2C7AAFE6001C59F2 /* Localizable.xcstrings */ = {isa = PBXFileReference; lastKnownFileType = text.json.xcstrings; path = Localizable.xcstrings; sourceTree = "<group>"; };
		CD6FD7B02C7AB284001C59F2 /* Base */ = {isa = PBXFileReference; lastKnownFileType = file.xib; name = Base; path = Base.lproj/UpdateWindow.xib; sourceTree = "<group>"; };
		CD6FD7B32C7AB284001C59F2 /* mul */ = {isa = PBXFileReference; lastKnownFileType = text.json.xcstrings; name = mul; path = mul.lproj/UpdateWindow.xcstrings; sourceTree = "<group>"; };
		CD6FD7B42C7AB288001C59F2 /* Base */ = {isa = PBXFileReference; lastKnownFileType = file.xib; name = Base; path = Base.lproj/PlistWindow.xib; sourceTree = "<group>"; };
		CD6FD7B72C7AB288001C59F2 /* mul */ = {isa = PBXFileReference; lastKnownFileType = text.json.xcstrings; name = mul; path = mul.lproj/PlistWindow.xcstrings; sourceTree = "<group>"; };
		CD6FD7B82C7AB28D001C59F2 /* Base */ = {isa = PBXFileReference; lastKnownFileType = file.xib; name = Base; path = Base.lproj/ResultsWindow.xib; sourceTree = "<group>"; };
		CD6FD7BB2C7AB28D001C59F2 /* mul */ = {isa = PBXFileReference; lastKnownFileType = text.json.xcstrings; name = mul; path = mul.lproj/ResultsWindow.xcstrings; sourceTree = "<group>"; };
		CD6FD7BC2C7AB291001C59F2 /* Base */ = {isa = PBXFileReference; lastKnownFileType = file.xib; name = Base; path = Base.lproj/AboutWindow.xib; sourceTree = "<group>"; };
		CD6FD7BF2C7AB291001C59F2 /* mul */ = {isa = PBXFileReference; lastKnownFileType = text.json.xcstrings; name = mul; path = mul.lproj/AboutWindow.xcstrings; sourceTree = "<group>"; };
		CD6FD7C02C7AB294001C59F2 /* Base */ = {isa = PBXFileReference; lastKnownFileType = file.xib; name = Base; path = Base.lproj/PrefsWindow.xib; sourceTree = "<group>"; };
		CD6FD7C32C7AB294001C59F2 /* mul */ = {isa = PBXFileReference; lastKnownFileType = text.json.xcstrings; name = mul; path = mul.lproj/PrefsWindow.xcstrings; sourceTree = "<group>"; };
		CD6FD7C42C7AB299001C59F2 /* Base */ = {isa = PBXFileReference; lastKnownFileType = file.xib; name = Base; path = Base.lproj/VTInfoWindow.xib; sourceTree = "<group>"; };
		CD6FD7C72C7AB299001C59F2 /* mul */ = {isa = PBXFileReference; lastKnownFileType = text.json.xcstrings; name = mul; path = mul.lproj/VTInfoWindow.xcstrings; sourceTree = "<group>"; };
		CD6FD7C82C7AB29F001C59F2 /* Base */ = {isa = PBXFileReference; lastKnownFileType = file.xib; name = Base; path = Base.lproj/ExtensionInfoWindow.xib; sourceTree = "<group>"; };
		CD6FD7CB2C7AB29F001C59F2 /* mul */ = {isa = PBXFileReference; lastKnownFileType = text.json.xcstrings; name = mul; path = mul.lproj/ExtensionInfoWindow.xcstrings; sourceTree = "<group>"; };
		CD6FD7CC2C7AB2A3001C59F2 /* Base */ = {isa = PBXFileReference; lastKnownFileType = file.xib; name = Base; path = Base.lproj/FileInfoWindow.xib; sourceTree = "<group>"; };
		CD6FD7CF2C7AB2A3001C59F2 /* mul */ = {isa = PBXFileReference; lastKnownFileType = text.json.xcstrings; name = mul; path = mul.lproj/FileInfoWindow.xcstrings; sourceTree = "<group>"; };
		CD792FBA2D2530A800167649 /* UnknownItemsWindowController.h */ = {isa = PBXFileReference; lastKnownFileType = sourcecode.c.h; path = UnknownItemsWindowController.h; sourceTree = "<group>"; };
		CD792FBB2D2530A800167649 /* UnknownItemsWindowController.m */ = {isa = PBXFileReference; lastKnownFileType = sourcecode.c.objc; path = UnknownItemsWindowController.m; sourceTree = "<group>"; };
		CD7B9F4C1ACB959200DF3C71 /* logoAppleOver.png */ = {isa = PBXFileReference; lastKnownFileType = image.png; name = logoAppleOver.png; path = images/logoAppleOver.png; sourceTree = SOURCE_ROOT; };
		CD7B9FA31ACBCFAD00DF3C71 /* spotlightIcon.png */ = {isa = PBXFileReference; lastKnownFileType = image.png; name = spotlightIcon.png; path = images/spotlightIcon.png; sourceTree = SOURCE_ROOT; };
		CD7B9FA51ACCAE5E00DF3C71 /* startScanOver.png */ = {isa = PBXFileReference; lastKnownFileType = image.png; name = startScanOver.png; path = images/startScanOver.png; sourceTree = SOURCE_ROOT; };
		CD7B9FA61ACCAE5E00DF3C71 /* stopScanOver.png */ = {isa = PBXFileReference; lastKnownFileType = image.png; name = stopScanOver.png; path = images/stopScanOver.png; sourceTree = SOURCE_ROOT; };
		CD7B9FA91AD08FA100DF3C71 /* KKRow.h */ = {isa = PBXFileReference; fileEncoding = 4; lastKnownFileType = sourcecode.c.h; path = KKRow.h; sourceTree = "<group>"; };
		CD7B9FAA1AD08FA100DF3C71 /* KKRow.m */ = {isa = PBXFileReference; fileEncoding = 4; lastKnownFileType = sourcecode.c.objc; path = KKRow.m; sourceTree = "<group>"; };
		CD83887D1AACCEDF000EB098 /* VirusTotal.h */ = {isa = PBXFileReference; fileEncoding = 4; lastKnownFileType = sourcecode.c.h; path = VirusTotal.h; sourceTree = "<group>"; };
		CD83887E1AACCEDF000EB098 /* VirusTotal.m */ = {isa = PBXFileReference; fileEncoding = 4; lastKnownFileType = sourcecode.c.objc; path = VirusTotal.m; sourceTree = "<group>"; };
		CD8641262CA05D6B00803551 /* es */ = {isa = PBXFileReference; lastKnownFileType = text.plist.strings; name = es; path = "es.lproj/KnockKnock-InfoPlist.strings"; sourceTree = "<group>"; };
		CD890F43237790D400029D99 /* directoryServicesIcon.png */ = {isa = PBXFileReference; lastKnownFileType = image.png; name = directoryServicesIcon.png; path = images/directoryServicesIcon.png; sourceTree = SOURCE_ROOT; };
		CDA81D441A95B492009790E2 /* AppDelegate.h */ = {isa = PBXFileReference; fileEncoding = 4; lastKnownFileType = sourcecode.c.h; path = AppDelegate.h; sourceTree = SOURCE_ROOT; };
		CDA81D451A95B492009790E2 /* AppDelegate.m */ = {isa = PBXFileReference; fileEncoding = 4; lastKnownFileType = sourcecode.c.objc; path = AppDelegate.m; sourceTree = SOURCE_ROOT; };
		CDA81D481A95B492009790E2 /* consts.h */ = {isa = PBXFileReference; fileEncoding = 4; lastKnownFileType = sourcecode.c.h; path = consts.h; sourceTree = SOURCE_ROOT; };
		CDA81D4D1A95B492009790E2 /* utilities.h */ = {isa = PBXFileReference; fileEncoding = 4; lastKnownFileType = sourcecode.c.h; path = utilities.h; sourceTree = SOURCE_ROOT; };
		CDA81D4E1A95B492009790E2 /* utilities.m */ = {isa = PBXFileReference; fileEncoding = 4; lastKnownFileType = sourcecode.c.objc; path = utilities.m; sourceTree = SOURCE_ROOT; };
		CDA81D581A95B4B4009790E2 /* KnockKnock-Info.plist */ = {isa = PBXFileReference; fileEncoding = 4; lastKnownFileType = text.plist.xml; path = "KnockKnock-Info.plist"; sourceTree = SOURCE_ROOT; };
		CDA81D591A95B4B4009790E2 /* KnockKnock-Prefix.pch */ = {isa = PBXFileReference; fileEncoding = 4; lastKnownFileType = sourcecode.c.h; path = "KnockKnock-Prefix.pch"; sourceTree = SOURCE_ROOT; };
		CDA81D5A1A95B4B4009790E2 /* main.m */ = {isa = PBXFileReference; fileEncoding = 4; lastKnownFileType = sourcecode.c.objc; path = main.m; sourceTree = SOURCE_ROOT; };
		CDA81D5F1A95B4E9009790E2 /* bug.png */ = {isa = PBXFileReference; lastKnownFileType = image.png; name = bug.png; path = images/bug.png; sourceTree = SOURCE_ROOT; };
		CDA81D601A95B4E9009790E2 /* mainIcon.png */ = {isa = PBXFileReference; lastKnownFileType = image.png; name = mainIcon.png; path = images/mainIcon.png; sourceTree = SOURCE_ROOT; };
		CDA81D611A95B4E9009790E2 /* show.png */ = {isa = PBXFileReference; lastKnownFileType = image.png; name = show.png; path = images/show.png; sourceTree = SOURCE_ROOT; };
		CDA81D621A95B4E9009790E2 /* showBG.png */ = {isa = PBXFileReference; lastKnownFileType = image.png; name = showBG.png; path = images/showBG.png; sourceTree = SOURCE_ROOT; };
		CDA81D631A95B4E9009790E2 /* scanIcon.png */ = {isa = PBXFileReference; lastKnownFileType = image.png; name = scanIcon.png; path = images/scanIcon.png; sourceTree = SOURCE_ROOT; };
		CDA81D641A95B4E9009790E2 /* startScan.png */ = {isa = PBXFileReference; lastKnownFileType = image.png; name = startScan.png; path = images/startScan.png; sourceTree = SOURCE_ROOT; };
		CDA81D651A95B4E9009790E2 /* startScanBG.png */ = {isa = PBXFileReference; lastKnownFileType = image.png; name = startScanBG.png; path = images/startScanBG.png; sourceTree = SOURCE_ROOT; };
		CDA81D661A95B4E9009790E2 /* stopScan.png */ = {isa = PBXFileReference; lastKnownFileType = image.png; name = stopScan.png; path = images/stopScan.png; sourceTree = SOURCE_ROOT; };
		CDA81D671A95B4E9009790E2 /* stopScanBG.png */ = {isa = PBXFileReference; lastKnownFileType = image.png; name = stopScanBG.png; path = images/stopScanBG.png; sourceTree = SOURCE_ROOT; };
		CDA81D681A95B4E9009790E2 /* virus.png */ = {isa = PBXFileReference; lastKnownFileType = image.png; name = virus.png; path = images/virus.png; sourceTree = SOURCE_ROOT; };
		CDA81D751A95B7C1009790E2 /* CategoryTableController.h */ = {isa = PBXFileReference; fileEncoding = 4; lastKnownFileType = sourcecode.c.h; path = CategoryTableController.h; sourceTree = "<group>"; };
		CDA81D761A95B7C1009790E2 /* CategoryTableController.m */ = {isa = PBXFileReference; fileEncoding = 4; lastKnownFileType = sourcecode.c.objc; path = CategoryTableController.m; sourceTree = "<group>"; };
		CDA81D791A95D29B009790E2 /* ItemTableController.h */ = {isa = PBXFileReference; fileEncoding = 4; lastKnownFileType = sourcecode.c.h; path = ItemTableController.h; sourceTree = "<group>"; };
		CDA81D7A1A95D29B009790E2 /* ItemTableController.m */ = {isa = PBXFileReference; fileEncoding = 4; lastKnownFileType = sourcecode.c.objc; path = ItemTableController.m; sourceTree = "<group>"; };
		CDA81DC51A9960A3009790E2 /* info.png */ = {isa = PBXFileReference; lastKnownFileType = image.png; name = info.png; path = images/info.png; sourceTree = SOURCE_ROOT; };
		CDA81DC61A9960A3009790E2 /* infoBG.png */ = {isa = PBXFileReference; lastKnownFileType = image.png; name = infoBG.png; path = images/infoBG.png; sourceTree = SOURCE_ROOT; };
		CDA81DC71A9960A3009790E2 /* virusTotal.png */ = {isa = PBXFileReference; lastKnownFileType = image.png; name = virusTotal.png; path = images/virusTotal.png; sourceTree = SOURCE_ROOT; };
		CDA81DC81A9960A3009790E2 /* virusTotalBG.png */ = {isa = PBXFileReference; lastKnownFileType = image.png; name = virusTotalBG.png; path = images/virusTotalBG.png; sourceTree = SOURCE_ROOT; };
		CDA81DD11A9970A0009790E2 /* signed.png */ = {isa = PBXFileReference; lastKnownFileType = image.png; name = signed.png; path = images/signed.png; sourceTree = SOURCE_ROOT; };
		CDA81DD21A9970A0009790E2 /* unsigned.png */ = {isa = PBXFileReference; lastKnownFileType = image.png; name = unsigned.png; path = images/unsigned.png; sourceTree = SOURCE_ROOT; };
		CDA81DE71A997BF1009790E2 /* InfoWindowController.h */ = {isa = PBXFileReference; fileEncoding = 4; lastKnownFileType = sourcecode.c.h; path = InfoWindowController.h; sourceTree = "<group>"; };
		CDA81DE81A997BF1009790E2 /* InfoWindowController.m */ = {isa = PBXFileReference; fileEncoding = 4; lastKnownFileType = sourcecode.c.objc; path = InfoWindowController.m; sourceTree = "<group>"; };
		CDA81DEC1A99B5F8009790E2 /* Filter.h */ = {isa = PBXFileReference; fileEncoding = 4; lastKnownFileType = sourcecode.c.h; path = Filter.h; sourceTree = "<group>"; };
		CDA81DED1A99B5F8009790E2 /* Filter.m */ = {isa = PBXFileReference; fileEncoding = 4; lastKnownFileType = sourcecode.c.objc; path = Filter.m; sourceTree = "<group>"; };
		CDA81DF01A99B8C2009790E2 /* whitelistedCommands.json */ = {isa = PBXFileReference; fileEncoding = 4; lastKnownFileType = text.json; name = whitelistedCommands.json; path = WhiteList/whitelistedCommands.json; sourceTree = "<group>"; };
		CDA81DF11A99B8C2009790E2 /* whitelistedExtensions.json */ = {isa = PBXFileReference; fileEncoding = 4; lastKnownFileType = text.json; name = whitelistedExtensions.json; path = WhiteList/whitelistedExtensions.json; sourceTree = "<group>"; };
		CDA81DF21A99B8C2009790E2 /* whitelistedFiles.json */ = {isa = PBXFileReference; fileEncoding = 4; lastKnownFileType = text.json; name = whitelistedFiles.json; path = WhiteList/whitelistedFiles.json; sourceTree = "<group>"; };
		CDA81DF61A9A7D26009790E2 /* Command.h */ = {isa = PBXFileReference; fileEncoding = 4; lastKnownFileType = sourcecode.c.h; name = Command.h; path = Results/Command.h; sourceTree = "<group>"; };
		CDA81DF71A9A7D26009790E2 /* Command.m */ = {isa = PBXFileReference; fileEncoding = 4; lastKnownFileType = sourcecode.c.objc; name = Command.m; path = Results/Command.m; sourceTree = "<group>"; };
		CDA81DF81A9A7D26009790E2 /* Extension.h */ = {isa = PBXFileReference; fileEncoding = 4; lastKnownFileType = sourcecode.c.h; name = Extension.h; path = Results/Extension.h; sourceTree = "<group>"; };
		CDA81DF91A9A7D26009790E2 /* Extension.m */ = {isa = PBXFileReference; fileEncoding = 4; lastKnownFileType = sourcecode.c.objc; name = Extension.m; path = Results/Extension.m; sourceTree = "<group>"; };
		CDA81DFA1A9A7D26009790E2 /* File.h */ = {isa = PBXFileReference; fileEncoding = 4; lastKnownFileType = sourcecode.c.h; name = File.h; path = Results/File.h; sourceTree = "<group>"; };
		CDA81DFB1A9A7D26009790E2 /* File.m */ = {isa = PBXFileReference; fileEncoding = 4; lastKnownFileType = sourcecode.c.objc; name = File.m; path = Results/File.m; sourceTree = "<group>"; };
		CDA81DFC1A9A7D26009790E2 /* ItemBase.h */ = {isa = PBXFileReference; fileEncoding = 4; lastKnownFileType = sourcecode.c.h; name = ItemBase.h; path = Results/ItemBase.h; sourceTree = "<group>"; };
		CDA81DFD1A9A7D26009790E2 /* ItemBase.m */ = {isa = PBXFileReference; fileEncoding = 4; lastKnownFileType = sourcecode.c.objc; name = ItemBase.m; path = Results/ItemBase.m; sourceTree = "<group>"; };
		CDAB989A1AEAC95500C75B4B /* ItemEnumerator.h */ = {isa = PBXFileReference; fileEncoding = 4; lastKnownFileType = sourcecode.c.h; path = ItemEnumerator.h; sourceTree = "<group>"; };
		CDAB989B1AEAC95500C75B4B /* ItemEnumerator.m */ = {isa = PBXFileReference; fileEncoding = 4; lastKnownFileType = sourcecode.c.objc; path = ItemEnumerator.m; sourceTree = "<group>"; };
		CDAB98A01AEAFAFA00C75B4B /* authorizationIcon.png */ = {isa = PBXFileReference; lastKnownFileType = image.png; name = authorizationIcon.png; path = images/authorizationIcon.png; sourceTree = SOURCE_ROOT; };
		CDAB98A21AEB413C00C75B4B /* dylibIcon.png */ = {isa = PBXFileReference; lastKnownFileType = image.png; name = dylibIcon.png; path = images/dylibIcon.png; sourceTree = SOURCE_ROOT; };
		CDADCF762EE7833C00C6DBF4 /* AuthorizationPlugins.h */ = {isa = PBXFileReference; lastKnownFileType = sourcecode.c.h; path = AuthorizationPlugins.h; sourceTree = "<group>"; };
		CDADCF772EE7833C00C6DBF4 /* AuthorizationPlugins.m */ = {isa = PBXFileReference; lastKnownFileType = sourcecode.c.objc; path = AuthorizationPlugins.m; sourceTree = "<group>"; };
		CDADCF782EE7833C00C6DBF4 /* BrowserExtensions.h */ = {isa = PBXFileReference; lastKnownFileType = sourcecode.c.h; path = BrowserExtensions.h; sourceTree = "<group>"; };
		CDADCF792EE7833C00C6DBF4 /* BrowserExtensions.m */ = {isa = PBXFileReference; lastKnownFileType = sourcecode.c.objc; path = BrowserExtensions.m; sourceTree = "<group>"; };
		CDADCF7A2EE7833C00C6DBF4 /* BTM.h */ = {isa = PBXFileReference; lastKnownFileType = sourcecode.c.h; path = BTM.h; sourceTree = "<group>"; };
		CDADCF7B2EE7833C00C6DBF4 /* BTM.m */ = {isa = PBXFileReference; lastKnownFileType = sourcecode.c.objc; path = BTM.m; sourceTree = "<group>"; };
		CDADCF7C2EE7833C00C6DBF4 /* Cronjobs.h */ = {isa = PBXFileReference; lastKnownFileType = sourcecode.c.h; path = Cronjobs.h; sourceTree = "<group>"; };
		CDADCF7D2EE7833C00C6DBF4 /* Cronjobs.m */ = {isa = PBXFileReference; lastKnownFileType = sourcecode.c.objc; path = Cronjobs.m; sourceTree = "<group>"; };
		CDADCF7E2EE7833C00C6DBF4 /* DirectoryServicesPlugins.h */ = {isa = PBXFileReference; lastKnownFileType = sourcecode.c.h; path = DirectoryServicesPlugins.h; sourceTree = "<group>"; };
		CDADCF7F2EE7833C00C6DBF4 /* DirectoryServicesPlugins.m */ = {isa = PBXFileReference; lastKnownFileType = sourcecode.c.objc; path = DirectoryServicesPlugins.m; sourceTree = "<group>"; };
		CDADCF802EE7833C00C6DBF4 /* DockTiles.h */ = {isa = PBXFileReference; lastKnownFileType = sourcecode.c.h; path = DockTiles.h; sourceTree = "<group>"; };
		CDADCF812EE7833C00C6DBF4 /* DockTiles.m */ = {isa = PBXFileReference; lastKnownFileType = sourcecode.c.objc; path = DockTiles.m; sourceTree = "<group>"; };
		CDADCF822EE7833C00C6DBF4 /* DylibInserts.h */ = {isa = PBXFileReference; lastKnownFileType = sourcecode.c.h; path = DylibInserts.h; sourceTree = "<group>"; };
		CDADCF832EE7833C00C6DBF4 /* DylibInserts.m */ = {isa = PBXFileReference; lastKnownFileType = sourcecode.c.objc; path = DylibInserts.m; sourceTree = "<group>"; };
		CDADCF842EE7833C00C6DBF4 /* DylibProxies.h */ = {isa = PBXFileReference; lastKnownFileType = sourcecode.c.h; path = DylibProxies.h; sourceTree = "<group>"; };
		CDADCF852EE7833C00C6DBF4 /* DylibProxies.m */ = {isa = PBXFileReference; lastKnownFileType = sourcecode.c.objc; path = DylibProxies.m; sourceTree = "<group>"; };
		CDADCF862EE7833C00C6DBF4 /* EventRules.h */ = {isa = PBXFileReference; lastKnownFileType = sourcecode.c.h; path = EventRules.h; sourceTree = "<group>"; };
		CDADCF872EE7833C00C6DBF4 /* EventRules.m */ = {isa = PBXFileReference; lastKnownFileType = sourcecode.c.objc; path = EventRules.m; sourceTree = "<group>"; };
		CDADCF882EE7833C00C6DBF4 /* Extensions.h */ = {isa = PBXFileReference; lastKnownFileType = sourcecode.c.h; path = Extensions.h; sourceTree = "<group>"; };
		CDADCF892EE7833C00C6DBF4 /* Extensions.m */ = {isa = PBXFileReference; lastKnownFileType = sourcecode.c.objc; path = Extensions.m; sourceTree = "<group>"; };
		CDADCF8A2EE7833C00C6DBF4 /* Kexts.h */ = {isa = PBXFileReference; lastKnownFileType = sourcecode.c.h; path = Kexts.h; sourceTree = "<group>"; };
		CDADCF8B2EE7833C00C6DBF4 /* Kexts.m */ = {isa = PBXFileReference; lastKnownFileType = sourcecode.c.objc; path = Kexts.m; sourceTree = "<group>"; };
		CDADCF8C2EE7833C00C6DBF4 /* LaunchItems.h */ = {isa = PBXFileReference; lastKnownFileType = sourcecode.c.h; path = LaunchItems.h; sourceTree = "<group>"; };
		CDADCF8D2EE7833C00C6DBF4 /* LaunchItems.m */ = {isa = PBXFileReference; lastKnownFileType = sourcecode.c.objc; path = LaunchItems.m; sourceTree = "<group>"; };
		CDADCF8E2EE7833C00C6DBF4 /* LoginItems.h */ = {isa = PBXFileReference; lastKnownFileType = sourcecode.c.h; path = LoginItems.h; sourceTree = "<group>"; };
		CDADCF8F2EE7833C00C6DBF4 /* LoginItems.m */ = {isa = PBXFileReference; lastKnownFileType = sourcecode.c.objc; path = LoginItems.m; sourceTree = "<group>"; };
		CDADCF902EE7833C00C6DBF4 /* LogInOutHooks.h */ = {isa = PBXFileReference; lastKnownFileType = sourcecode.c.h; path = LogInOutHooks.h; sourceTree = "<group>"; };
		CDADCF912EE7833C00C6DBF4 /* LogInOutHooks.m */ = {isa = PBXFileReference; lastKnownFileType = sourcecode.c.objc; path = LogInOutHooks.m; sourceTree = "<group>"; };
		CDADCF922EE7833C00C6DBF4 /* PeriodicScrips.h */ = {isa = PBXFileReference; lastKnownFileType = sourcecode.c.h; path = PeriodicScrips.h; sourceTree = "<group>"; };
		CDADCF932EE7833C00C6DBF4 /* PeriodicScrips.m */ = {isa = PBXFileReference; lastKnownFileType = sourcecode.c.objc; path = PeriodicScrips.m; sourceTree = "<group>"; };
		CDADCF942EE7833C00C6DBF4 /* PluginBase.h */ = {isa = PBXFileReference; lastKnownFileType = sourcecode.c.h; path = PluginBase.h; sourceTree = "<group>"; };
		CDADCF952EE7833C00C6DBF4 /* PluginBase.m */ = {isa = PBXFileReference; lastKnownFileType = sourcecode.c.objc; path = PluginBase.m; sourceTree = "<group>"; };
		CDADCF962EE7833C00C6DBF4 /* QuicklookPlugins.h */ = {isa = PBXFileReference; lastKnownFileType = sourcecode.c.h; path = QuicklookPlugins.h; sourceTree = "<group>"; };
		CDADCF972EE7833C00C6DBF4 /* QuicklookPlugins.m */ = {isa = PBXFileReference; lastKnownFileType = sourcecode.c.objc; path = QuicklookPlugins.m; sourceTree = "<group>"; };
		CDADCF982EE7833C00C6DBF4 /* ShellConfigs.h */ = {isa = PBXFileReference; lastKnownFileType = sourcecode.c.h; path = ShellConfigs.h; sourceTree = "<group>"; };
		CDADCF992EE7833C00C6DBF4 /* ShellConfigs.m */ = {isa = PBXFileReference; lastKnownFileType = sourcecode.c.objc; path = ShellConfigs.m; sourceTree = "<group>"; };
		CDADCF9A2EE7833C00C6DBF4 /* SpotlightImporters.h */ = {isa = PBXFileReference; lastKnownFileType = sourcecode.c.h; path = SpotlightImporters.h; sourceTree = "<group>"; };
		CDADCF9B2EE7833C00C6DBF4 /* SpotlightImporters.m */ = {isa = PBXFileReference; lastKnownFileType = sourcecode.c.objc; path = SpotlightImporters.m; sourceTree = "<group>"; };
		CDADCF9C2EE7833C00C6DBF4 /* StartupScripts.h */ = {isa = PBXFileReference; lastKnownFileType = sourcecode.c.h; path = StartupScripts.h; sourceTree = "<group>"; };
		CDADCF9D2EE7833C00C6DBF4 /* StartupScripts.m */ = {isa = PBXFileReference; lastKnownFileType = sourcecode.c.objc; path = StartupScripts.m; sourceTree = "<group>"; };
		CDADCF9E2EE7833C00C6DBF4 /* SystemExtensions.h */ = {isa = PBXFileReference; lastKnownFileType = sourcecode.c.h; path = SystemExtensions.h; sourceTree = "<group>"; };
		CDADCF9F2EE7833C00C6DBF4 /* SystemExtensions.m */ = {isa = PBXFileReference; lastKnownFileType = sourcecode.c.objc; path = SystemExtensions.m; sourceTree = "<group>"; };
		CDADCFB52EE783AC00C6DBF4 /* btmIcon.png */ = {isa = PBXFileReference; lastKnownFileType = image.png; path = btmIcon.png; sourceTree = "<group>"; };
		CDADCFB62EE783AC00C6DBF4 /* dockTileIcon.png */ = {isa = PBXFileReference; lastKnownFileType = image.png; path = dockTileIcon.png; sourceTree = "<group>"; };
		CDADCFB72EE783AC00C6DBF4 /* shellConfigIcon.png */ = {isa = PBXFileReference; lastKnownFileType = image.png; path = shellConfigIcon.png; sourceTree = "<group>"; };
		CDBE49191B5B25E30031FC22 /* SystemConfiguration.framework */ = {isa = PBXFileReference; lastKnownFileType = wrapper.framework; name = SystemConfiguration.framework; path = System/Library/Frameworks/SystemConfiguration.framework; sourceTree = SDKROOT; };
		CDBE491E1B5B46040031FC22 /* logInOutIcon.png */ = {isa = PBXFileReference; lastKnownFileType = image.png; name = logInOutIcon.png; path = images/logInOutIcon.png; sourceTree = SOURCE_ROOT; };
		CDBFE3942A49B8B9005A9819 /* libDumpBTM.a */ = {isa = PBXFileReference; lastKnownFileType = archive.ar; path = libDumpBTM.a; sourceTree = "<group>"; };
		CDBFE3952A49B8B9005A9819 /* dumpBTM.h */ = {isa = PBXFileReference; fileEncoding = 4; lastKnownFileType = sourcecode.c.h; path = dumpBTM.h; sourceTree = "<group>"; };
		CDBFE3972A49B8B9005A9819 /* MachO.m */ = {isa = PBXFileReference; fileEncoding = 4; lastKnownFileType = sourcecode.c.objc; path = MachO.m; sourceTree = "<group>"; };
		CDBFE3982A49B8B9005A9819 /* MachO.h */ = {isa = PBXFileReference; fileEncoding = 4; lastKnownFileType = sourcecode.c.h; path = MachO.h; sourceTree = "<group>"; };
		CDCA2C202A49B71500E8DD57 /* libDumpBTM.a */ = {isa = PBXFileReference; lastKnownFileType = archive.ar; name = libDumpBTM.a; path = Libraries/BTM/libDumpBTM.a; sourceTree = "<group>"; };
		CDD83FD51B50C76F0037124E /* cronIcon.png */ = {isa = PBXFileReference; lastKnownFileType = image.png; name = cronIcon.png; path = images/cronIcon.png; sourceTree = SOURCE_ROOT; };
		CDDBC22F1B04771100B021E0 /* ServiceManagement.framework */ = {isa = PBXFileReference; lastKnownFileType = wrapper.framework; name = ServiceManagement.framework; path = System/Library/Frameworks/ServiceManagement.framework; sourceTree = SDKROOT; };
		CDE241A92C8556A40099F82B /* DiffWindowController.h */ = {isa = PBXFileReference; fileEncoding = 4; lastKnownFileType = sourcecode.c.h; path = DiffWindowController.h; sourceTree = "<group>"; };
		CDE241AA2C8556A40099F82B /* DiffWindowController.m */ = {isa = PBXFileReference; fileEncoding = 4; lastKnownFileType = sourcecode.c.objc; path = DiffWindowController.m; sourceTree = "<group>"; };
		CDF08CBE1AC3DE25009B3423 /* logoAppleBG.png */ = {isa = PBXFileReference; lastKnownFileType = image.png; name = logoAppleBG.png; path = images/logoAppleBG.png; sourceTree = SOURCE_ROOT; };
		CDF08CC01AC3E8B0009B3423 /* showOver.png */ = {isa = PBXFileReference; lastKnownFileType = image.png; name = showOver.png; path = images/showOver.png; sourceTree = SOURCE_ROOT; };
		CDF08CC21AC3E98D009B3423 /* infoOver.png */ = {isa = PBXFileReference; lastKnownFileType = image.png; name = infoOver.png; path = images/infoOver.png; sourceTree = SOURCE_ROOT; };
		CDF08CC41AC46E75009B3423 /* VTButton.h */ = {isa = PBXFileReference; fileEncoding = 4; lastKnownFileType = sourcecode.c.h; path = VTButton.h; sourceTree = SOURCE_ROOT; };
		CDF08CC51AC46E75009B3423 /* VTButton.m */ = {isa = PBXFileReference; fileEncoding = 4; lastKnownFileType = sourcecode.c.objc; path = VTButton.m; sourceTree = SOURCE_ROOT; };
		CDF08CC71AC4C678009B3423 /* PrefsWindowController.h */ = {isa = PBXFileReference; fileEncoding = 4; lastKnownFileType = sourcecode.c.h; path = PrefsWindowController.h; sourceTree = SOURCE_ROOT; };
		CDF08CC81AC4C678009B3423 /* PrefsWindowController.m */ = {isa = PBXFileReference; fileEncoding = 4; lastKnownFileType = sourcecode.c.objc; path = PrefsWindowController.m; sourceTree = SOURCE_ROOT; };
		CDF08CCC1AC4C6E8009B3423 /* settingsOver.png */ = {isa = PBXFileReference; lastKnownFileType = image.png; name = settingsOver.png; path = images/settingsOver.png; sourceTree = SOURCE_ROOT; };
		CDF08CCD1AC4C6E8009B3423 /* settingsBG.png */ = {isa = PBXFileReference; lastKnownFileType = image.png; name = settingsBG.png; path = images/settingsBG.png; sourceTree = SOURCE_ROOT; };
		CDF08CCE1AC4C6E8009B3423 /* settings.png */ = {isa = PBXFileReference; lastKnownFileType = image.png; name = settings.png; path = images/settings.png; sourceTree = SOURCE_ROOT; };
		CDF08CDC1AC886F2009B3423 /* VTInfoWindowController.h */ = {isa = PBXFileReference; fileEncoding = 4; lastKnownFileType = sourcecode.c.h; path = VTInfoWindowController.h; sourceTree = "<group>"; };
		CDF08CDD1AC886F2009B3423 /* VTInfoWindowController.m */ = {isa = PBXFileReference; fileEncoding = 4; lastKnownFileType = sourcecode.c.objc; path = VTInfoWindowController.m; sourceTree = "<group>"; };
		CDF08CE41AC89FE1009B3423 /* HyperlinkTextField.h */ = {isa = PBXFileReference; fileEncoding = 4; lastKnownFileType = sourcecode.c.h; name = HyperlinkTextField.h; path = 3rdParty/HyperlinkTextField.h; sourceTree = "<group>"; };
		CDF08CE51AC89FE1009B3423 /* HyperlinkTextField.m */ = {isa = PBXFileReference; fileEncoding = 4; lastKnownFileType = sourcecode.c.objc; name = HyperlinkTextField.m; path = 3rdParty/HyperlinkTextField.m; sourceTree = "<group>"; };
		CDF08CE71AC8A35C009B3423 /* vtLogo.png */ = {isa = PBXFileReference; lastKnownFileType = image.png; name = vtLogo.png; path = images/vtLogo.png; sourceTree = SOURCE_ROOT; };
		CDF08CE91AC8D97B009B3423 /* Quartz.framework */ = {isa = PBXFileReference; lastKnownFileType = wrapper.framework; name = Quartz.framework; path = System/Library/Frameworks/Quartz.framework; sourceTree = SDKROOT; };
		CDF08CED1ACA677B009B3423 /* launchIcon.png */ = {isa = PBXFileReference; lastKnownFileType = image.png; name = launchIcon.png; path = images/launchIcon.png; sourceTree = SOURCE_ROOT; };
		CDF08CEE1ACA677B009B3423 /* kernelIcon.png */ = {isa = PBXFileReference; lastKnownFileType = image.png; name = kernelIcon.png; path = images/kernelIcon.png; sourceTree = SOURCE_ROOT; };
		CDF08CF11ACA6864009B3423 /* browserIcon.png */ = {isa = PBXFileReference; lastKnownFileType = image.png; name = browserIcon.png; path = images/browserIcon.png; sourceTree = SOURCE_ROOT; };
		CDF08CF21ACA6864009B3423 /* loginIcon.png */ = {isa = PBXFileReference; lastKnownFileType = image.png; name = loginIcon.png; path = images/loginIcon.png; sourceTree = SOURCE_ROOT; };
/* End PBXFileReference section */

/* Begin PBXFrameworksBuildPhase section */
		1D21BC48172AF43D009D1CFD /* Frameworks */ = {
			isa = PBXFrameworksBuildPhase;
			buildActionMask = 2147483647;
			files = (
				CDCA2C212A49B71500E8DD57 /* libDumpBTM.a in Frameworks */,
				CDBE491A1B5B25E30031FC22 /* SystemConfiguration.framework in Frameworks */,
				CDDBC2301B04771100B021E0 /* ServiceManagement.framework in Frameworks */,
				CDF08CEA1AC8D97B009B3423 /* Quartz.framework in Frameworks */,
				CD6095731A87067D00E091CD /* Security.framework in Frameworks */,
				1D21BC4F172AF43D009D1CFD /* Cocoa.framework in Frameworks */,
			);
			runOnlyForDeploymentPostprocessing = 0;
		};
/* End PBXFrameworksBuildPhase section */

/* Begin PBXGroup section */
		1D21BC42172AF43D009D1CFD = {
			isa = PBXGroup;
			children = (
				CD6FD7AE2C7AAFE6001C59F2 /* Localizable.xcstrings */,
				CDBFE3922A49B89A005A9819 /* Libraries */,
				CDF08CE31AC89FD4009B3423 /* 3rdParty */,
				CD5854D921A6103A00A438B0 /* ClickableTextField.h */,
				CD5854DA21A6103A00A438B0 /* ClickableTextField.m */,
				CDA81DEC1A99B5F8009790E2 /* Filter.h */,
				CDA81DED1A99B5F8009790E2 /* Filter.m */,
				1D21BC4D172AF43D009D1CFD /* Frameworks */,
				CDAB989A1AEAC95500C75B4B /* ItemEnumerator.h */,
				CDAB989B1AEAC95500C75B4B /* ItemEnumerator.m */,
				CD7B9FA91AD08FA100DF3C71 /* KKRow.h */,
				CD7B9FAA1AD08FA100DF3C71 /* KKRow.m */,
				1D21BC54172AF43D009D1CFD /* KnockKnock */,
				CD6BBBEE1B52032D00506D0D /* NSApplicationKeyEvents.h */,
				CD6BBBEF1B52032D00506D0D /* NSApplicationKeyEvents.m */,
				CDA81D861A96F429009790E2 /* Plugins */,
				1D21BC4C172AF43D009D1CFD /* Products */,
				CDA81D7C1A96EFFF009790E2 /* Results */,
				CDA81E621AA020E8009790E2 /* UI */,
				CDA81D781A95B939009790E2 /* UIControllers */,
				CD83887D1AACCEDF000EB098 /* VirusTotal.h */,
				CD83887E1AACCEDF000EB098 /* VirusTotal.m */,
				CDA81DEF1A99B8B2009790E2 /* WhiteList */,
			);
			sourceTree = "<group>";
		};
		1D21BC4C172AF43D009D1CFD /* Products */ = {
			isa = PBXGroup;
			children = (
				1D21BC4B172AF43D009D1CFD /* KnockKnock.app */,
			);
			name = Products;
			sourceTree = "<group>";
		};
		1D21BC4D172AF43D009D1CFD /* Frameworks */ = {
			isa = PBXGroup;
			children = (
				CDCA2C202A49B71500E8DD57 /* libDumpBTM.a */,
				CDBE49191B5B25E30031FC22 /* SystemConfiguration.framework */,
				CDDBC22F1B04771100B021E0 /* ServiceManagement.framework */,
				CDF08CE91AC8D97B009B3423 /* Quartz.framework */,
				CD6095721A87067D00E091CD /* Security.framework */,
				1D21BC4E172AF43D009D1CFD /* Cocoa.framework */,
				1D21BC50172AF43D009D1CFD /* Other Frameworks */,
			);
			name = Frameworks;
			sourceTree = "<group>";
		};
		1D21BC50172AF43D009D1CFD /* Other Frameworks */ = {
			isa = PBXGroup;
			children = (
				1D21BC51172AF43D009D1CFD /* AppKit.framework */,
				1D21BC52172AF43D009D1CFD /* CoreData.framework */,
				1D21BC53172AF43D009D1CFD /* Foundation.framework */,
			);
			name = "Other Frameworks";
			sourceTree = "<group>";
		};
		1D21BC54172AF43D009D1CFD /* KnockKnock */ = {
			isa = PBXGroup;
			children = (
				CDA81D441A95B492009790E2 /* AppDelegate.h */,
				CDA81D451A95B492009790E2 /* AppDelegate.m */,
				CD585493219FE61D00A438B0 /* Assets.xcassets */,
				CDA81D481A95B492009790E2 /* consts.h */,
				CDE241A92C8556A40099F82B /* DiffWindowController.h */,
				CDE241AA2C8556A40099F82B /* DiffWindowController.m */,
				CD6095501A8329FA00E091CD /* images */,
				CD6FD7AB2C7AAD87001C59F2 /* MainMenu.xib */,
				CD5854D621A60B2000A438B0 /* PlistWindowController.h */,
				CD5854D721A60B2000A438B0 /* PlistWindowController.m */,
				CD24F076219DF3DB0081B0E5 /* Signing.h */,
				CD24F075219DF3DA0081B0E5 /* Signing.m */,
				1D21BC55172AF43D009D1CFD /* Supporting Files */,
				CD2F219D21A8A73000F67A83 /* Update.h */,
				CD2F219E21A8A73100F67A83 /* Update.m */,
				CDA81D4D1A95B492009790E2 /* utilities.h */,
				CDA81D4E1A95B492009790E2 /* utilities.m */,
				CDF08CC41AC46E75009B3423 /* VTButton.h */,
				CDF08CC51AC46E75009B3423 /* VTButton.m */,
			);
			name = KnockKnock;
			sourceTree = "<group>";
		};
		1D21BC55172AF43D009D1CFD /* Supporting Files */ = {
			isa = PBXGroup;
			children = (
				CD5854D221A5FADD00A438B0 /* patrons.txt */,
				CDA81D581A95B4B4009790E2 /* KnockKnock-Info.plist */,
				CD8641252CA05D6B00803551 /* KnockKnock-InfoPlist.strings */,
				CDA81D591A95B4B4009790E2 /* KnockKnock-Prefix.pch */,
				CDA81D5A1A95B4B4009790E2 /* main.m */,
				CD24F072219AAC930081B0E5 /* main.h */,
			);
			name = "Supporting Files";
			sourceTree = "<group>";
		};
		CD6095501A8329FA00E091CD /* images */ = {
			isa = PBXGroup;
			children = (
				CDADCFB52EE783AC00C6DBF4 /* btmIcon.png */,
				CDADCFB62EE783AC00C6DBF4 /* dockTileIcon.png */,
				CDADCFB72EE783AC00C6DBF4 /* shellConfigIcon.png */,
				CDAB98A01AEAFAFA00C75B4B /* authorizationIcon.png */,
				CD6BBBE81B50D67A00506D0D /* binaryIcon.icns */,
				CDF08CF11ACA6864009B3423 /* browserIcon.png */,
				CDA81D5F1A95B4E9009790E2 /* bug.png */,
				CDD83FD51B50C76F0037124E /* cronIcon.png */,
				CD890F43237790D400029D99 /* directoryServicesIcon.png */,
				CDAB98A21AEB413C00C75B4B /* dylibIcon.png */,
				CD2B61432067656200BF72E9 /* eventRulesIcon.png */,
				7DE2FE2F1D3F3228006C1438 /* extensionIcon.png */,
				CDA81DC51A9960A3009790E2 /* info.png */,
				CDA81DC61A9960A3009790E2 /* infoBG.png */,
				CDF08CC21AC3E98D009B3423 /* infoOver.png */,
				CDF08CEE1ACA677B009B3423 /* kernelIcon.png */,
				CD0219541AD34E4C005148A2 /* kkIcon.png */,
				CD001B341AB903040089014A /* kkText.png */,
				CDF08CED1ACA677B009B3423 /* launchIcon.png */,
				CDF08CF21ACA6864009B3423 /* loginIcon.png */,
				CDBE491E1B5B46040031FC22 /* logInOutIcon.png */,
				CD001B351AB903040089014A /* logo.png */,
				CD001B361AB903040089014A /* logoApple.png */,
				CDF08CBE1AC3DE25009B3423 /* logoAppleBG.png */,
				CD7B9F4C1ACB959200DF3C71 /* logoAppleOver.png */,
				CDA81D601A95B4E9009790E2 /* mainIcon.png */,
				7D0DAB871CA758790049BAFF /* periodicIcon.png */,
				7D44F4C61DAAEF3E0085859C /* proxyIcon.png */,
				CD36CDB7237785180089FC34 /* quicklookIcon.png */,
				CDA81D631A95B4E9009790E2 /* scanIcon.png */,
				CDF08CCE1AC4C6E8009B3423 /* settings.png */,
				CDF08CCD1AC4C6E8009B3423 /* settingsBG.png */,
				CDF08CCC1AC4C6E8009B3423 /* settingsOver.png */,
				CDA81D611A95B4E9009790E2 /* show.png */,
				CDA81D621A95B4E9009790E2 /* showBG.png */,
				CDF08CC01AC3E8B0009B3423 /* showOver.png */,
				CDA81DD11A9970A0009790E2 /* signed.png */,
				CD6BBBEA1B50DF7100506D0D /* signedAppleIcon.png */,
				CD7B9FA31ACBCFAD00DF3C71 /* spotlightIcon.png */,
				CDA81D641A95B4E9009790E2 /* startScan.png */,
				CDA81D651A95B4E9009790E2 /* startScanBG.png */,
				CD7B9FA51ACCAE5E00DF3C71 /* startScanOver.png */,
				7DE29CA51CA7C10500DFA6A6 /* startupScriptsIcon.png */,
				CDA81D661A95B4E9009790E2 /* stopScan.png */,
				CDA81D671A95B4E9009790E2 /* stopScanBG.png */,
				CD7B9FA61ACCAE5E00DF3C71 /* stopScanOver.png */,
				CD3B99D225EDE9F90020AF50 /* systemExtensionIcon.png */,
				CD6BBBEC1B51C62B00506D0D /* unknown.png */,
				CDA81DD21A9970A0009790E2 /* unsigned.png */,
				CDA81D681A95B4E9009790E2 /* virus.png */,
				CDA81DC71A9960A3009790E2 /* virusTotal.png */,
				CDA81DC81A9960A3009790E2 /* virusTotalBG.png */,
				CDF08CE71AC8A35C009B3423 /* vtLogo.png */,
			);
			path = images;
			sourceTree = "<group>";
		};
		CDA81D781A95B939009790E2 /* UIControllers */ = {
			isa = PBXGroup;
			children = (
				CD0219511AD34D9A005148A2 /* AboutWindowController.h */,
				CD0219521AD34D9A005148A2 /* AboutWindowController.m */,
				CDA81D751A95B7C1009790E2 /* CategoryTableController.h */,
				CDA81D761A95B7C1009790E2 /* CategoryTableController.m */,
				CDA81DE71A997BF1009790E2 /* InfoWindowController.h */,
				CDA81DE81A997BF1009790E2 /* InfoWindowController.m */,
				CDA81D791A95D29B009790E2 /* ItemTableController.h */,
				CDA81D7A1A95D29B009790E2 /* ItemTableController.m */,
				CDF08CC71AC4C678009B3423 /* PrefsWindowController.h */,
				CDF08CC81AC4C678009B3423 /* PrefsWindowController.m */,
				CD02195F1AD39A83005148A2 /* ResultsWindowController.h */,
				CD0219601AD39A83005148A2 /* ResultsWindowController.m */,
				CD792FBA2D2530A800167649 /* UnknownItemsWindowController.h */,
				CD792FBB2D2530A800167649 /* UnknownItemsWindowController.m */,
				CD2F21A221A8A7E300F67A83 /* UpdateWindowController.h */,
				CD2F21A321A8A7E300F67A83 /* UpdateWindowController.m */,
				CDF08CDC1AC886F2009B3423 /* VTInfoWindowController.h */,
				CDF08CDD1AC886F2009B3423 /* VTInfoWindowController.m */,
				CD5A5F7B2EB95C0C00F5068F /* WelcomeWindowController.h */,
				CD5A5F7C2EB95C0C00F5068F /* WelcomeWindowController.m */,
			);
			name = UIControllers;
			sourceTree = "<group>";
		};
		CDA81D7C1A96EFFF009790E2 /* Results */ = {
			isa = PBXGroup;
			children = (
				CDA81DF61A9A7D26009790E2 /* Command.h */,
				CDA81DF71A9A7D26009790E2 /* Command.m */,
				CDA81DF81A9A7D26009790E2 /* Extension.h */,
				CDA81DF91A9A7D26009790E2 /* Extension.m */,
				CDA81DFA1A9A7D26009790E2 /* File.h */,
				CDA81DFB1A9A7D26009790E2 /* File.m */,
				CDA81DFC1A9A7D26009790E2 /* ItemBase.h */,
				CDA81DFD1A9A7D26009790E2 /* ItemBase.m */,
			);
			name = Results;
			sourceTree = "<group>";
		};
		CDA81D861A96F429009790E2 /* Plugins */ = {
			isa = PBXGroup;
			children = (
				CDADCF762EE7833C00C6DBF4 /* AuthorizationPlugins.h */,
				CDADCF772EE7833C00C6DBF4 /* AuthorizationPlugins.m */,
				CDADCF782EE7833C00C6DBF4 /* BrowserExtensions.h */,
				CDADCF792EE7833C00C6DBF4 /* BrowserExtensions.m */,
				CDADCF7A2EE7833C00C6DBF4 /* BTM.h */,
				CDADCF7B2EE7833C00C6DBF4 /* BTM.m */,
				CDADCF7C2EE7833C00C6DBF4 /* Cronjobs.h */,
				CDADCF7D2EE7833C00C6DBF4 /* Cronjobs.m */,
				CDADCF7E2EE7833C00C6DBF4 /* DirectoryServicesPlugins.h */,
				CDADCF7F2EE7833C00C6DBF4 /* DirectoryServicesPlugins.m */,
				CDADCF802EE7833C00C6DBF4 /* DockTiles.h */,
				CDADCF812EE7833C00C6DBF4 /* DockTiles.m */,
				CDADCF822EE7833C00C6DBF4 /* DylibInserts.h */,
				CDADCF832EE7833C00C6DBF4 /* DylibInserts.m */,
				CDADCF842EE7833C00C6DBF4 /* DylibProxies.h */,
				CDADCF852EE7833C00C6DBF4 /* DylibProxies.m */,
				CDADCF862EE7833C00C6DBF4 /* EventRules.h */,
				CDADCF872EE7833C00C6DBF4 /* EventRules.m */,
				CDADCF882EE7833C00C6DBF4 /* Extensions.h */,
				CDADCF892EE7833C00C6DBF4 /* Extensions.m */,
				CDADCF8A2EE7833C00C6DBF4 /* Kexts.h */,
				CDADCF8B2EE7833C00C6DBF4 /* Kexts.m */,
				CDADCF8C2EE7833C00C6DBF4 /* LaunchItems.h */,
				CDADCF8D2EE7833C00C6DBF4 /* LaunchItems.m */,
				CDADCF8E2EE7833C00C6DBF4 /* LoginItems.h */,
				CDADCF8F2EE7833C00C6DBF4 /* LoginItems.m */,
				CDADCF902EE7833C00C6DBF4 /* LogInOutHooks.h */,
				CDADCF912EE7833C00C6DBF4 /* LogInOutHooks.m */,
				CDADCF922EE7833C00C6DBF4 /* PeriodicScrips.h */,
				CDADCF932EE7833C00C6DBF4 /* PeriodicScrips.m */,
				CDADCF942EE7833C00C6DBF4 /* PluginBase.h */,
				CDADCF952EE7833C00C6DBF4 /* PluginBase.m */,
				CDADCF962EE7833C00C6DBF4 /* QuicklookPlugins.h */,
				CDADCF972EE7833C00C6DBF4 /* QuicklookPlugins.m */,
				CDADCF982EE7833C00C6DBF4 /* ShellConfigs.h */,
				CDADCF992EE7833C00C6DBF4 /* ShellConfigs.m */,
				CDADCF9A2EE7833C00C6DBF4 /* SpotlightImporters.h */,
				CDADCF9B2EE7833C00C6DBF4 /* SpotlightImporters.m */,
				CDADCF9C2EE7833C00C6DBF4 /* StartupScripts.h */,
				CDADCF9D2EE7833C00C6DBF4 /* StartupScripts.m */,
				CDADCF9E2EE7833C00C6DBF4 /* SystemExtensions.h */,
				CDADCF9F2EE7833C00C6DBF4 /* SystemExtensions.m */,
			);
			path = Plugins;
			sourceTree = "<group>";
		};
		CDA81DEF1A99B8B2009790E2 /* WhiteList */ = {
			isa = PBXGroup;
			children = (
				CD24F073219D51210081B0E5 /* whitelistedKexts.json */,
				CDA81DF01A99B8C2009790E2 /* whitelistedCommands.json */,
				CDA81DF11A99B8C2009790E2 /* whitelistedExtensions.json */,
				CDA81DF21A99B8C2009790E2 /* whitelistedFiles.json */,
			);
			name = WhiteList;
			sourceTree = "<group>";
		};
		CDA81E621AA020E8009790E2 /* UI */ = {
			isa = PBXGroup;
			children = (
				CD6FD7BD2C7AB291001C59F2 /* AboutWindow.xib */,
				CD19A7EC2CA4236B00F17FF3 /* DiffWindow.xib */,
				CD6FD7C92C7AB29F001C59F2 /* ExtensionInfoWindow.xib */,
				CD6FD7CD2C7AB2A3001C59F2 /* FileInfoWindow.xib */,
				CD6FD7B52C7AB288001C59F2 /* PlistWindow.xib */,
				CD6FD7C12C7AB294001C59F2 /* PrefsWindow.xib */,
				CD6FD7B92C7AB28D001C59F2 /* ResultsWindow.xib */,
				CD49EEA62D2A1301007439CD /* UnknownItems.xib */,
				CD6FD7B12C7AB284001C59F2 /* UpdateWindow.xib */,
				CD6FD7C52C7AB299001C59F2 /* VTInfoWindow.xib */,
				CD5A5F782EB95C0000F5068F /* Welcome.xib */,
			);
			name = UI;
			sourceTree = "<group>";
		};
		CDBFE3922A49B89A005A9819 /* Libraries */ = {
			isa = PBXGroup;
			children = (
				CDBFE3932A49B8B9005A9819 /* BTM */,
				CDBFE3962A49B8B9005A9819 /* MachO */,
			);
			path = Libraries;
			sourceTree = "<group>";
		};
		CDBFE3932A49B8B9005A9819 /* BTM */ = {
			isa = PBXGroup;
			children = (
				CDBFE3942A49B8B9005A9819 /* libDumpBTM.a */,
				CDBFE3952A49B8B9005A9819 /* dumpBTM.h */,
			);
			path = BTM;
			sourceTree = "<group>";
		};
		CDBFE3962A49B8B9005A9819 /* MachO */ = {
			isa = PBXGroup;
			children = (
				CDBFE3972A49B8B9005A9819 /* MachO.m */,
				CDBFE3982A49B8B9005A9819 /* MachO.h */,
			);
			path = MachO;
			sourceTree = "<group>";
		};
		CDF08CE31AC89FD4009B3423 /* 3rdParty */ = {
			isa = PBXGroup;
			children = (
				CD6975021B02F60400CE819B /* RFOverlayScroller.h */,
				CD6975031B02F60400CE819B /* RFOverlayScroller.m */,
				CD6975041B02F60400CE819B /* RFOverlayScrollView.h */,
				CD6975051B02F60400CE819B /* RFOverlayScrollView.m */,
				CDF08CE41AC89FE1009B3423 /* HyperlinkTextField.h */,
				CDF08CE51AC89FE1009B3423 /* HyperlinkTextField.m */,
			);
			name = 3rdParty;
			sourceTree = "<group>";
		};
/* End PBXGroup section */

/* Begin PBXNativeTarget section */
		1D21BC4A172AF43D009D1CFD /* KnockKnock */ = {
			isa = PBXNativeTarget;
			buildConfigurationList = 1D21BC68172AF43D009D1CFD /* Build configuration list for PBXNativeTarget "KnockKnock" */;
			buildPhases = (
				1D21BC47172AF43D009D1CFD /* Sources */,
				1D21BC48172AF43D009D1CFD /* Frameworks */,
				1D21BC49172AF43D009D1CFD /* Resources */,
				CD6DE4D2219E9C3A0058094E /* Copy Framework(s) */,
			);
			buildRules = (
			);
			dependencies = (
			);
			name = KnockKnock;
			productName = "Lesson 53";
			productReference = 1D21BC4B172AF43D009D1CFD /* KnockKnock.app */;
			productType = "com.apple.product-type.application";
		};
/* End PBXNativeTarget section */

/* Begin PBXProject section */
		1D21BC43172AF43D009D1CFD /* Project object */ = {
			isa = PBXProject;
			attributes = {
				LastUpgradeCheck = 1010;
				ORGANIZATIONNAME = "Objective-See";
				TargetAttributes = {
					1D21BC4A172AF43D009D1CFD = {
						DevelopmentTeam = VBG97UB4TA;
						ProvisioningStyle = Manual;
						SystemCapabilities = {
							com.apple.HardenedRuntime = {
								enabled = 1;
							};
						};
					};
				};
			};
			buildConfigurationList = 1D21BC46172AF43D009D1CFD /* Build configuration list for PBXProject "KnockKnock" */;
			compatibilityVersion = "Xcode 3.2";
			developmentRegion = en;
			hasScannedForEncodings = 0;
			knownRegions = (
				es,
				Base,
				en,
			);
			mainGroup = 1D21BC42172AF43D009D1CFD;
			productRefGroup = 1D21BC4C172AF43D009D1CFD /* Products */;
			projectDirPath = "";
			projectRoot = "";
			targets = (
				1D21BC4A172AF43D009D1CFD /* KnockKnock */,
			);
		};
/* End PBXProject section */

/* Begin PBXResourcesBuildPhase section */
		1D21BC49172AF43D009D1CFD /* Resources */ = {
			isa = PBXResourcesBuildPhase;
			buildActionMask = 2147483647;
			files = (
				CD5A5F7A2EB95C0000F5068F /* Welcome.xib in Resources */,
				CDF08CE81AC8A35C009B3423 /* vtLogo.png in Resources */,
				CD890F44237790D400029D99 /* directoryServicesIcon.png in Resources */,
				CDA81D691A95B4E9009790E2 /* bug.png in Resources */,
				7D0DAB881CA758790049BAFF /* periodicIcon.png in Resources */,
				CD6FD7BA2C7AB28D001C59F2 /* ResultsWindow.xib in Resources */,
				CDA81D6B1A95B4E9009790E2 /* show.png in Resources */,
				CD24F074219D51210081B0E5 /* whitelistedKexts.json in Resources */,
				CDF08CF31ACA6864009B3423 /* browserIcon.png in Resources */,
				CD6FD7B62C7AB288001C59F2 /* PlistWindow.xib in Resources */,
				CDAB98A11AEAFAFA00C75B4B /* authorizationIcon.png in Resources */,
				CD6BBBEB1B50DF7100506D0D /* signedAppleIcon.png in Resources */,
				CD001B391AB903040089014A /* logoApple.png in Resources */,
				CDF08CEF1ACA677B009B3423 /* launchIcon.png in Resources */,
				CD7B9FA41ACBCFAD00DF3C71 /* spotlightIcon.png in Resources */,
				CD6BBBED1B51C62B00506D0D /* unknown.png in Resources */,
				CD6FD7CA2C7AB29F001C59F2 /* ExtensionInfoWindow.xib in Resources */,
				CD8641272CA05D6B00803551 /* KnockKnock-InfoPlist.strings in Resources */,
				CD7B9FA81ACCAE5E00DF3C71 /* stopScanOver.png in Resources */,
				CD6FD7AF2C7AAFE6001C59F2 /* Localizable.xcstrings in Resources */,
				7DE29CA61CA7C10500DFA6A6 /* startupScriptsIcon.png in Resources */,
				CDA81D701A95B4E9009790E2 /* stopScan.png in Resources */,
				CDA81DF51A99B8C2009790E2 /* whitelistedFiles.json in Resources */,
				CDF08CF01ACA677B009B3423 /* kernelIcon.png in Resources */,
				CDF08CD01AC4C6E8009B3423 /* settingsBG.png in Resources */,
				CD5854D321A5FADD00A438B0 /* patrons.txt in Resources */,
				CD0219551AD34E4C005148A2 /* kkIcon.png in Resources */,
				CD6FD7AC2C7AAD87001C59F2 /* MainMenu.xib in Resources */,
				CD7B9F4D1ACB959200DF3C71 /* logoAppleOver.png in Resources */,
				CDA81DCB1A9960A3009790E2 /* virusTotal.png in Resources */,
				CDA81DF41A99B8C2009790E2 /* whitelistedExtensions.json in Resources */,
				CD49EEA72D2A1301007439CD /* UnknownItems.xib in Resources */,
				CD585494219FE61D00A438B0 /* Assets.xcassets in Resources */,
				CDA81DD41A9970A0009790E2 /* unsigned.png in Resources */,
				CD2B61442067656200BF72E9 /* eventRulesIcon.png in Resources */,
				CD7B9FA71ACCAE5E00DF3C71 /* startScanOver.png in Resources */,
				CD001B371AB903040089014A /* kkText.png in Resources */,
				CD6BBBE91B50D67A00506D0D /* binaryIcon.icns in Resources */,
				CDF08CC11AC3E8B0009B3423 /* showOver.png in Resources */,
				CDA81DCC1A9960A3009790E2 /* virusTotalBG.png in Resources */,
				CD001B381AB903040089014A /* logo.png in Resources */,
				CDA81D6D1A95B4E9009790E2 /* scanIcon.png in Resources */,
				CDF08CCF1AC4C6E8009B3423 /* settingsOver.png in Resources */,
				CDAB98A31AEB413C00C75B4B /* dylibIcon.png in Resources */,
				CDF08CC31AC3E98D009B3423 /* infoOver.png in Resources */,
				CDADCFB82EE783AC00C6DBF4 /* shellConfigIcon.png in Resources */,
				CDADCFB92EE783AC00C6DBF4 /* dockTileIcon.png in Resources */,
				CDADCFBA2EE783AC00C6DBF4 /* btmIcon.png in Resources */,
				CDF08CF41ACA6864009B3423 /* loginIcon.png in Resources */,
				CD6FD7C22C7AB294001C59F2 /* PrefsWindow.xib in Resources */,
				CDA81D6C1A95B4E9009790E2 /* showBG.png in Resources */,
				CDA81D6A1A95B4E9009790E2 /* mainIcon.png in Resources */,
				CDA81D711A95B4E9009790E2 /* stopScanBG.png in Resources */,
				CD19A7ED2CA4236B00F17FF3 /* DiffWindow.xib in Resources */,
				CDF08CBF1AC3DE25009B3423 /* logoAppleBG.png in Resources */,
				CD6FD7C62C7AB299001C59F2 /* VTInfoWindow.xib in Resources */,
				CDA81D6F1A95B4E9009790E2 /* startScanBG.png in Resources */,
				CDA81DF31A99B8C2009790E2 /* whitelistedCommands.json in Resources */,
				7D44F4C71DAAEF3E0085859C /* proxyIcon.png in Resources */,
				CDBE491F1B5B46040031FC22 /* logInOutIcon.png in Resources */,
				CDA81D721A95B4E9009790E2 /* virus.png in Resources */,
				CDA81DC91A9960A3009790E2 /* info.png in Resources */,
				CD6FD7B22C7AB284001C59F2 /* UpdateWindow.xib in Resources */,
				CDA81D6E1A95B4E9009790E2 /* startScan.png in Resources */,
				CD6FD7BE2C7AB291001C59F2 /* AboutWindow.xib in Resources */,
				CDA81DCA1A9960A3009790E2 /* infoBG.png in Resources */,
				CDF08CD11AC4C6E8009B3423 /* settings.png in Resources */,
				7DE2FE301D3F3228006C1438 /* extensionIcon.png in Resources */,
				CD3B99D325EDE9F90020AF50 /* systemExtensionIcon.png in Resources */,
				CDA81DD31A9970A0009790E2 /* signed.png in Resources */,
				CDD83FD61B50C76F0037124E /* cronIcon.png in Resources */,
				CD6FD7CE2C7AB2A3001C59F2 /* FileInfoWindow.xib in Resources */,
				CD36CDB8237785180089FC34 /* quicklookIcon.png in Resources */,
			);
			runOnlyForDeploymentPostprocessing = 0;
		};
/* End PBXResourcesBuildPhase section */

/* Begin PBXSourcesBuildPhase section */
		1D21BC47172AF43D009D1CFD /* Sources */ = {
			isa = PBXSourcesBuildPhase;
			buildActionMask = 2147483647;
			files = (
				CD83887F1AACCEDF000EB098 /* VirusTotal.m in Sources */,
				CDBFE39A2A49B8BA005A9819 /* MachO.m in Sources */,
				CDF08CDF1AC886F2009B3423 /* VTInfoWindowController.m in Sources */,
				CD0219611AD39A83005148A2 /* ResultsWindowController.m in Sources */,
				CDA81DEE1A99B5F8009790E2 /* Filter.m in Sources */,
				CDA81D7B1A95D29B009790E2 /* ItemTableController.m in Sources */,
				CD6975071B02F60400CE819B /* RFOverlayScrollView.m in Sources */,
				CDF08CCA1AC4C678009B3423 /* PrefsWindowController.m in Sources */,
				CD5854DB21A6103B00A438B0 /* ClickableTextField.m in Sources */,
				CDA81DEA1A997BF1009790E2 /* InfoWindowController.m in Sources */,
				CDF08CE61AC89FE1009B3423 /* HyperlinkTextField.m in Sources */,
				CDA81E001A9A7D26009790E2 /* File.m in Sources */,
				CD6BBBF01B52032D00506D0D /* NSApplicationKeyEvents.m in Sources */,
				CDA81D4F1A95B492009790E2 /* AppDelegate.m in Sources */,
				CD2F219F21A8A73100F67A83 /* Update.m in Sources */,
				CDA81D5E1A95B4B4009790E2 /* main.m in Sources */,
				CD5854D821A60B2100A438B0 /* PlistWindowController.m in Sources */,
				CD2F21A421A8A7E300F67A83 /* UpdateWindowController.m in Sources */,
				CDADCFA02EE7833C00C6DBF4 /* DockTiles.m in Sources */,
				CDADCFA12EE7833C00C6DBF4 /* BTM.m in Sources */,
				CDADCFA22EE7833C00C6DBF4 /* PeriodicScrips.m in Sources */,
				CDADCFA32EE7833C00C6DBF4 /* ShellConfigs.m in Sources */,
				CDADCFA42EE7833C00C6DBF4 /* SystemExtensions.m in Sources */,
				CDADCFA52EE7833C00C6DBF4 /* LogInOutHooks.m in Sources */,
				CDADCFA62EE7833C00C6DBF4 /* LoginItems.m in Sources */,
				CDADCFA72EE7833C00C6DBF4 /* QuicklookPlugins.m in Sources */,
				CDADCFA82EE7833C00C6DBF4 /* AuthorizationPlugins.m in Sources */,
				CDADCFA92EE7833C00C6DBF4 /* Kexts.m in Sources */,
				CDADCFAA2EE7833C00C6DBF4 /* DylibInserts.m in Sources */,
				CDADCFAB2EE7833C00C6DBF4 /* DirectoryServicesPlugins.m in Sources */,
				CDADCFAC2EE7833C00C6DBF4 /* DylibProxies.m in Sources */,
				CDADCFAD2EE7833C00C6DBF4 /* LaunchItems.m in Sources */,
				CDADCFAE2EE7833C00C6DBF4 /* PluginBase.m in Sources */,
				CDADCFAF2EE7833C00C6DBF4 /* BrowserExtensions.m in Sources */,
				CDADCFB02EE7833C00C6DBF4 /* Cronjobs.m in Sources */,
				CDADCFB12EE7833C00C6DBF4 /* Extensions.m in Sources */,
				CDADCFB22EE7833C00C6DBF4 /* SpotlightImporters.m in Sources */,
				CDADCFB32EE7833C00C6DBF4 /* EventRules.m in Sources */,
				CDADCFB42EE7833C00C6DBF4 /* StartupScripts.m in Sources */,
				CDE241AB2C8556A40099F82B /* DiffWindowController.m in Sources */,
				CD6975061B02F60400CE819B /* RFOverlayScroller.m in Sources */,
				CDA81DFE1A9A7D26009790E2 /* Command.m in Sources */,
				CD24F077219DF3DB0081B0E5 /* Signing.m in Sources */,
				CD0219531AD34D9A005148A2 /* AboutWindowController.m in Sources */,
				CDA81E011A9A7D26009790E2 /* ItemBase.m in Sources */,
				CDA81DFF1A9A7D26009790E2 /* Extension.m in Sources */,
				CD5A5F7D2EB95C0C00F5068F /* WelcomeWindowController.m in Sources */,
				CDF08CC61AC46E75009B3423 /* VTButton.m in Sources */,
				CD792FBC2D2530A800167649 /* UnknownItemsWindowController.m in Sources */,
				CDAB989C1AEAC95500C75B4B /* ItemEnumerator.m in Sources */,
				CDA81D771A95B7C1009790E2 /* CategoryTableController.m in Sources */,
				CDA81D531A95B492009790E2 /* utilities.m in Sources */,
				CD7B9FAB1AD08FA100DF3C71 /* KKRow.m in Sources */,
			);
			runOnlyForDeploymentPostprocessing = 0;
		};
/* End PBXSourcesBuildPhase section */

/* Begin PBXVariantGroup section */
		CD19A7EC2CA4236B00F17FF3 /* DiffWindow.xib */ = {
			isa = PBXVariantGroup;
			children = (
				CD19A7EB2CA4236B00F17FF3 /* Base */,
				CD19A7EE2CA4236B00F17FF3 /* mul */,
			);
			name = DiffWindow.xib;
			path = UI;
			sourceTree = "<group>";
		};
		CD49EEA62D2A1301007439CD /* UnknownItems.xib */ = {
			isa = PBXVariantGroup;
			children = (
				CD49EEA52D2A1301007439CD /* Base */,
				CD49EEA82D2A1301007439CD /* mul */,
			);
			name = UnknownItems.xib;
			path = UI;
			sourceTree = "<group>";
		};
		CD5A5F782EB95C0000F5068F /* Welcome.xib */ = {
			isa = PBXVariantGroup;
			children = (
				CD5A5F792EB95C0000F5068F /* Base */,
			);
			name = Welcome.xib;
			sourceTree = "<group>";
		};
		CD6FD7AB2C7AAD87001C59F2 /* MainMenu.xib */ = {
			isa = PBXVariantGroup;
			children = (
				CD6FD7AA2C7AAD87001C59F2 /* Base */,
				CD6FD7AD2C7AAD87001C59F2 /* mul */,
			);
			name = MainMenu.xib;
			sourceTree = "<group>";
		};
		CD6FD7B12C7AB284001C59F2 /* UpdateWindow.xib */ = {
			isa = PBXVariantGroup;
			children = (
				CD6FD7B02C7AB284001C59F2 /* Base */,
				CD6FD7B32C7AB284001C59F2 /* mul */,
			);
			name = UpdateWindow.xib;
			path = UI;
			sourceTree = "<group>";
		};
		CD6FD7B52C7AB288001C59F2 /* PlistWindow.xib */ = {
			isa = PBXVariantGroup;
			children = (
				CD6FD7B42C7AB288001C59F2 /* Base */,
				CD6FD7B72C7AB288001C59F2 /* mul */,
			);
			name = PlistWindow.xib;
			path = UI;
			sourceTree = "<group>";
		};
		CD6FD7B92C7AB28D001C59F2 /* ResultsWindow.xib */ = {
			isa = PBXVariantGroup;
			children = (
				CD6FD7B82C7AB28D001C59F2 /* Base */,
				CD6FD7BB2C7AB28D001C59F2 /* mul */,
			);
			name = ResultsWindow.xib;
			path = UI;
			sourceTree = "<group>";
		};
		CD6FD7BD2C7AB291001C59F2 /* AboutWindow.xib */ = {
			isa = PBXVariantGroup;
			children = (
				CD6FD7BC2C7AB291001C59F2 /* Base */,
				CD6FD7BF2C7AB291001C59F2 /* mul */,
			);
			name = AboutWindow.xib;
			path = UI;
			sourceTree = "<group>";
		};
		CD6FD7C12C7AB294001C59F2 /* PrefsWindow.xib */ = {
			isa = PBXVariantGroup;
			children = (
				CD6FD7C02C7AB294001C59F2 /* Base */,
				CD6FD7C32C7AB294001C59F2 /* mul */,
			);
			name = PrefsWindow.xib;
			path = UI;
			sourceTree = "<group>";
		};
		CD6FD7C52C7AB299001C59F2 /* VTInfoWindow.xib */ = {
			isa = PBXVariantGroup;
			children = (
				CD6FD7C42C7AB299001C59F2 /* Base */,
				CD6FD7C72C7AB299001C59F2 /* mul */,
			);
			name = VTInfoWindow.xib;
			path = UI;
			sourceTree = "<group>";
		};
		CD6FD7C92C7AB29F001C59F2 /* ExtensionInfoWindow.xib */ = {
			isa = PBXVariantGroup;
			children = (
				CD6FD7C82C7AB29F001C59F2 /* Base */,
				CD6FD7CB2C7AB29F001C59F2 /* mul */,
			);
			name = ExtensionInfoWindow.xib;
			path = UI;
			sourceTree = "<group>";
		};
		CD6FD7CD2C7AB2A3001C59F2 /* FileInfoWindow.xib */ = {
			isa = PBXVariantGroup;
			children = (
				CD6FD7CC2C7AB2A3001C59F2 /* Base */,
				CD6FD7CF2C7AB2A3001C59F2 /* mul */,
			);
			name = FileInfoWindow.xib;
			path = UI;
			sourceTree = "<group>";
		};
		CD8641252CA05D6B00803551 /* KnockKnock-InfoPlist.strings */ = {
			isa = PBXVariantGroup;
			children = (
				CD8641262CA05D6B00803551 /* es */,
			);
			name = "KnockKnock-InfoPlist.strings";
			sourceTree = "<group>";
		};
/* End PBXVariantGroup section */

/* Begin XCBuildConfiguration section */
		1D21BC66172AF43D009D1CFD /* Debug */ = {
			isa = XCBuildConfiguration;
			buildSettings = {
				ALWAYS_SEARCH_USER_PATHS = NO;
				CLANG_CXX_LANGUAGE_STANDARD = "gnu++0x";
				CLANG_CXX_LIBRARY = "libc++";
				CLANG_ENABLE_OBJC_ARC = YES;
				CLANG_WARN_BLOCK_CAPTURE_AUTORELEASING = YES;
				CLANG_WARN_BOOL_CONVERSION = YES;
				CLANG_WARN_COMMA = YES;
				CLANG_WARN_CONSTANT_CONVERSION = YES;
				CLANG_WARN_DEPRECATED_OBJC_IMPLEMENTATIONS = YES;
				CLANG_WARN_EMPTY_BODY = YES;
				CLANG_WARN_ENUM_CONVERSION = YES;
				CLANG_WARN_INFINITE_RECURSION = YES;
				CLANG_WARN_INT_CONVERSION = YES;
				CLANG_WARN_NON_LITERAL_NULL_CONVERSION = YES;
				CLANG_WARN_OBJC_IMPLICIT_RETAIN_SELF = YES;
				CLANG_WARN_OBJC_LITERAL_CONVERSION = YES;
				CLANG_WARN_RANGE_LOOP_ANALYSIS = YES;
				CLANG_WARN_STRICT_PROTOTYPES = YES;
				CLANG_WARN_SUSPICIOUS_MOVE = YES;
				CLANG_WARN_UNREACHABLE_CODE = YES;
				CLANG_WARN__DUPLICATE_METHOD_MATCH = YES;
				COPY_PHASE_STRIP = NO;
				ENABLE_STRICT_OBJC_MSGSEND = YES;
				ENABLE_TESTABILITY = YES;
				GCC_C_LANGUAGE_STANDARD = gnu99;
				GCC_DYNAMIC_NO_PIC = NO;
				GCC_ENABLE_OBJC_EXCEPTIONS = YES;
				GCC_NO_COMMON_BLOCKS = YES;
				GCC_OPTIMIZATION_LEVEL = 0;
				GCC_PREPROCESSOR_DEFINITIONS = (
					"DEBUG=1",
					"$(inherited)",
				);
				GCC_SYMBOLS_PRIVATE_EXTERN = NO;
				GCC_WARN_64_TO_32_BIT_CONVERSION = YES;
				GCC_WARN_ABOUT_DEPRECATED_FUNCTIONS = NO;
				GCC_WARN_ABOUT_RETURN_TYPE = YES;
				GCC_WARN_UNDECLARED_SELECTOR = YES;
				GCC_WARN_UNINITIALIZED_AUTOS = YES;
				GCC_WARN_UNUSED_FUNCTION = YES;
				GCC_WARN_UNUSED_VARIABLE = YES;
				MACOSX_DEPLOYMENT_TARGET = 10.11;
				ONLY_ACTIVE_ARCH = YES;
				SDKROOT = macosx;
			};
			name = Debug;
		};
		1D21BC67172AF43D009D1CFD /* Release */ = {
			isa = XCBuildConfiguration;
			buildSettings = {
				ALWAYS_SEARCH_USER_PATHS = NO;
				CLANG_CXX_LANGUAGE_STANDARD = "gnu++0x";
				CLANG_CXX_LIBRARY = "libc++";
				CLANG_ENABLE_OBJC_ARC = YES;
				CLANG_WARN_BLOCK_CAPTURE_AUTORELEASING = YES;
				CLANG_WARN_BOOL_CONVERSION = YES;
				CLANG_WARN_COMMA = YES;
				CLANG_WARN_CONSTANT_CONVERSION = YES;
				CLANG_WARN_DEPRECATED_OBJC_IMPLEMENTATIONS = YES;
				CLANG_WARN_EMPTY_BODY = YES;
				CLANG_WARN_ENUM_CONVERSION = YES;
				CLANG_WARN_INFINITE_RECURSION = YES;
				CLANG_WARN_INT_CONVERSION = YES;
				CLANG_WARN_NON_LITERAL_NULL_CONVERSION = YES;
				CLANG_WARN_OBJC_IMPLICIT_RETAIN_SELF = YES;
				CLANG_WARN_OBJC_LITERAL_CONVERSION = YES;
				CLANG_WARN_RANGE_LOOP_ANALYSIS = YES;
				CLANG_WARN_STRICT_PROTOTYPES = YES;
				CLANG_WARN_SUSPICIOUS_MOVE = YES;
				CLANG_WARN_UNREACHABLE_CODE = YES;
				CLANG_WARN__DUPLICATE_METHOD_MATCH = YES;
				COPY_PHASE_STRIP = YES;
				DEBUG_INFORMATION_FORMAT = "dwarf-with-dsym";
				ENABLE_STRICT_OBJC_MSGSEND = YES;
				GCC_C_LANGUAGE_STANDARD = gnu99;
				GCC_ENABLE_OBJC_EXCEPTIONS = YES;
				GCC_NO_COMMON_BLOCKS = YES;
				GCC_WARN_64_TO_32_BIT_CONVERSION = YES;
				GCC_WARN_ABOUT_DEPRECATED_FUNCTIONS = NO;
				GCC_WARN_ABOUT_RETURN_TYPE = YES;
				GCC_WARN_UNDECLARED_SELECTOR = YES;
				GCC_WARN_UNINITIALIZED_AUTOS = YES;
				GCC_WARN_UNUSED_FUNCTION = YES;
				GCC_WARN_UNUSED_VARIABLE = YES;
				MACOSX_DEPLOYMENT_TARGET = 10.11;
				ONLY_ACTIVE_ARCH = YES;
				SDKROOT = macosx;
			};
			name = Release;
		};
		1D21BC69172AF43D009D1CFD /* Debug */ = {
			isa = XCBuildConfiguration;
			buildSettings = {
				ASSETCATALOG_COMPILER_APPICON_NAME = AppIcon;
				CLANG_ENABLE_MODULES = YES;
				CODE_SIGN_IDENTITY = "Developer ID Application";
				CODE_SIGN_STYLE = Manual;
				COMBINE_HIDPI_IMAGES = YES;
				CURRENT_PROJECT_VERSION = 3.9.6;
				DEVELOPMENT_TEAM = VBG97UB4TA;
				ENABLE_HARDENED_RUNTIME = YES;
				GCC_PRECOMPILE_PREFIX_HEADER = YES;
				GCC_PREFIX_HEADER = "KnockKnock-Prefix.pch";
				HEADER_SEARCH_PATHS = "$(PROJECT_DIR)/Libraries/**";
				INFOPLIST_FILE = "KnockKnock-Info.plist";
				INFOPLIST_KEY_CFBundleDisplayName = KnockKnock;
				INFOPLIST_KEY_LSApplicationCategoryType = "public.app-category.utilities";
				LD_RUNPATH_SEARCH_PATHS = "@executable_path/../Frameworks";
				LIBRARY_SEARCH_PATHS = (
					"$(inherited)",
					"$(PROJECT_DIR)/Libraries/BTM",
				);
				MACOSX_DEPLOYMENT_TARGET = 10.15;
				MARKETING_VERSION = 3.9.6;
				ONLY_ACTIVE_ARCH = NO;
				PRODUCT_BUNDLE_IDENTIFIER = "com.objective-see.${PRODUCT_NAME:rfc1034identifier}";
				PRODUCT_NAME = KnockKnock;
				PROVISIONING_PROFILE_SPECIFIER = "";
				WRAPPER_EXTENSION = app;
			};
			name = Debug;
		};
		1D21BC6A172AF43D009D1CFD /* Release */ = {
			isa = XCBuildConfiguration;
			buildSettings = {
				ASSETCATALOG_COMPILER_APPICON_NAME = AppIcon;
				CLANG_ENABLE_MODULES = YES;
				CODE_SIGN_IDENTITY = "Developer ID Application";
				CODE_SIGN_STYLE = Manual;
				COMBINE_HIDPI_IMAGES = YES;
				CURRENT_PROJECT_VERSION = 3.9.6;
				DEVELOPMENT_TEAM = VBG97UB4TA;
				ENABLE_HARDENED_RUNTIME = YES;
				GCC_PRECOMPILE_PREFIX_HEADER = YES;
				GCC_PREFIX_HEADER = "KnockKnock-Prefix.pch";
				HEADER_SEARCH_PATHS = "$(PROJECT_DIR)/Libraries/**";
				INFOPLIST_FILE = "KnockKnock-Info.plist";
				INFOPLIST_KEY_CFBundleDisplayName = KnockKnock;
				INFOPLIST_KEY_LSApplicationCategoryType = "public.app-category.utilities";
				LD_RUNPATH_SEARCH_PATHS = "@executable_path/../Frameworks";
				LIBRARY_SEARCH_PATHS = (
					"$(inherited)",
					"$(PROJECT_DIR)/Libraries/BTM",
				);
				MACOSX_DEPLOYMENT_TARGET = 10.15;
				MARKETING_VERSION = 3.9.6;
				ONLY_ACTIVE_ARCH = NO;
				PRODUCT_BUNDLE_IDENTIFIER = "com.objective-see.${PRODUCT_NAME:rfc1034identifier}";
				PRODUCT_NAME = KnockKnock;
				PROVISIONING_PROFILE_SPECIFIER = "";
				WRAPPER_EXTENSION = app;
			};
			name = Release;
		};
/* End XCBuildConfiguration section */

/* Begin XCConfigurationList section */
		1D21BC46172AF43D009D1CFD /* Build configuration list for PBXProject "KnockKnock" */ = {
			isa = XCConfigurationList;
			buildConfigurations = (
				1D21BC66172AF43D009D1CFD /* Debug */,
				1D21BC67172AF43D009D1CFD /* Release */,
			);
			defaultConfigurationIsVisible = 0;
			defaultConfigurationName = Release;
		};
		1D21BC68172AF43D009D1CFD /* Build configuration list for PBXNativeTarget "KnockKnock" */ = {
			isa = XCConfigurationList;
			buildConfigurations = (
				1D21BC69172AF43D009D1CFD /* Debug */,
				1D21BC6A172AF43D009D1CFD /* Release */,
			);
			defaultConfigurationIsVisible = 0;
			defaultConfigurationName = Release;
		};
/* End XCConfigurationList section */
	};
	rootObject = 1D21BC43172AF43D009D1CFD /* Project object */;
}
